// !$*UTF8*$!
{
	archiveVersion = 1;
	classes = {
	};
	objectVersion = 56;
	objects = {

/* Begin PBXBuildFile section */
		CD0A20752A41C88500B01456 /* SecureFormField.swift in Sources */ = {isa = PBXBuildFile; fileRef = CD0A20742A41C88500B01456 /* SecureFormField.swift */; };
		CD0A20792A41EEEA00B01456 /* CreateAccountView.swift in Sources */ = {isa = PBXBuildFile; fileRef = CD0A20782A41EEEA00B01456 /* CreateAccountView.swift */; };
		CD0A207B2A4229E600B01456 /* TermsOfServiceView.swift in Sources */ = {isa = PBXBuildFile; fileRef = CD0A207A2A4229E600B01456 /* TermsOfServiceView.swift */; };
		CD0A20802A42319F00B01456 /* HomeView.swift in Sources */ = {isa = PBXBuildFile; fileRef = CD0A207F2A42319F00B01456 /* HomeView.swift */; };
		CD0A20832A4231CB00B01456 /* HomeCarouselView.swift in Sources */ = {isa = PBXBuildFile; fileRef = CD0A20822A4231CB00B01456 /* HomeCarouselView.swift */; };
		CD0A20862A42424500B01456 /* ProfilePageView.swift in Sources */ = {isa = PBXBuildFile; fileRef = CD0A20852A42424500B01456 /* ProfilePageView.swift */; };
		CD0A20882A433D0200B01456 /* HomeHubContentView.swift in Sources */ = {isa = PBXBuildFile; fileRef = CD0A20872A433D0200B01456 /* HomeHubContentView.swift */; };
		CD0A208A2A433FA600B01456 /* View+Extensions.swift in Sources */ = {isa = PBXBuildFile; fileRef = CD0A20892A433FA600B01456 /* View+Extensions.swift */; };
		CD0A208D2A4358FA00B01456 /* AccountPageView.swift in Sources */ = {isa = PBXBuildFile; fileRef = CD0A208C2A4358FA00B01456 /* AccountPageView.swift */; };
		CD2926002A40AC7400565D2A /* lbx_clientApp.swift in Sources */ = {isa = PBXBuildFile; fileRef = CD2925FF2A40AC7400565D2A /* lbx_clientApp.swift */; };
		CD2926022A40AC7400565D2A /* ContentView.swift in Sources */ = {isa = PBXBuildFile; fileRef = CD2926012A40AC7400565D2A /* ContentView.swift */; };
		CD2926042A40AC7500565D2A /* Assets.xcassets in Resources */ = {isa = PBXBuildFile; fileRef = CD2926032A40AC7500565D2A /* Assets.xcassets */; };
		CD2926072A40AC7500565D2A /* Preview Assets.xcassets in Resources */ = {isa = PBXBuildFile; fileRef = CD2926062A40AC7500565D2A /* Preview Assets.xcassets */; };
		CD2926132A40AD0000565D2A /* WalkthroughNotificationView.swift in Sources */ = {isa = PBXBuildFile; fileRef = CD2926122A40AD0000565D2A /* WalkthroughNotificationView.swift */; };
		CD2926182A40ADA200565D2A /* Icons.swift in Sources */ = {isa = PBXBuildFile; fileRef = CD2926172A40ADA200565D2A /* Icons.swift */; };
		CD29261A2A40AEA400565D2A /* Theme.swift in Sources */ = {isa = PBXBuildFile; fileRef = CD2926192A40AEA400565D2A /* Theme.swift */; };
		CD29261D2A40B0BF00565D2A /* AutoSizeText.swift in Sources */ = {isa = PBXBuildFile; fileRef = CD29261C2A40B0BF00565D2A /* AutoSizeText.swift */; };
		CD2926222A40B21800565D2A /* Localizable.strings in Resources */ = {isa = PBXBuildFile; fileRef = CD2926212A40B21800565D2A /* Localizable.strings */; };
		CD2926242A40B2DE00565D2A /* Typography.swift in Sources */ = {isa = PBXBuildFile; fileRef = CD2926232A40B2DE00565D2A /* Typography.swift */; };
		CD29262A2A40B51F00565D2A /* Config.swift in Sources */ = {isa = PBXBuildFile; fileRef = CD2926292A40B51F00565D2A /* Config.swift */; };
		CD29262C2A40B6B800565D2A /* Colors.swift in Sources */ = {isa = PBXBuildFile; fileRef = CD29262B2A40B6B800565D2A /* Colors.swift */; };
		CD29262F2A40BB9800565D2A /* ThemeConfiguration.swift in Sources */ = {isa = PBXBuildFile; fileRef = CD29262E2A40BB9800565D2A /* ThemeConfiguration.swift */; };
		CD2926322A40C2FF00565D2A /* ButtonStyles.swift in Sources */ = {isa = PBXBuildFile; fileRef = CD2926312A40C2FF00565D2A /* ButtonStyles.swift */; };
		CD2926352A40D48900565D2A /* SplashView.swift in Sources */ = {isa = PBXBuildFile; fileRef = CD2926342A40D48900565D2A /* SplashView.swift */; };
		CD2926382A40D79500565D2A /* SignInView.swift in Sources */ = {isa = PBXBuildFile; fileRef = CD2926372A40D79500565D2A /* SignInView.swift */; };
		CD29263A2A40DE3C00565D2A /* FormField.swift in Sources */ = {isa = PBXBuildFile; fileRef = CD2926392A40DE3C00565D2A /* FormField.swift */; };
		CD29263F2A40EA6C00565D2A /* String+Extensions.swift in Sources */ = {isa = PBXBuildFile; fileRef = CD29263E2A40EA6C00565D2A /* String+Extensions.swift */; };
/* End PBXBuildFile section */

/* Begin PBXFileReference section */
		CD0A20742A41C88500B01456 /* SecureFormField.swift */ = {isa = PBXFileReference; lastKnownFileType = sourcecode.swift; path = SecureFormField.swift; sourceTree = "<group>"; };
		CD0A20762A41EDE400B01456 /* Info.plist */ = {isa = PBXFileReference; lastKnownFileType = text.plist; path = Info.plist; sourceTree = "<group>"; };
		CD0A20782A41EEEA00B01456 /* CreateAccountView.swift */ = {isa = PBXFileReference; lastKnownFileType = sourcecode.swift; path = CreateAccountView.swift; sourceTree = "<group>"; };
		CD0A207A2A4229E600B01456 /* TermsOfServiceView.swift */ = {isa = PBXFileReference; lastKnownFileType = sourcecode.swift; path = TermsOfServiceView.swift; sourceTree = "<group>"; };
		CD0A207F2A42319F00B01456 /* HomeView.swift */ = {isa = PBXFileReference; lastKnownFileType = sourcecode.swift; path = HomeView.swift; sourceTree = "<group>"; };
		CD0A20822A4231CB00B01456 /* HomeCarouselView.swift */ = {isa = PBXFileReference; lastKnownFileType = sourcecode.swift; path = HomeCarouselView.swift; sourceTree = "<group>"; };
		CD0A20852A42424500B01456 /* ProfilePageView.swift */ = {isa = PBXFileReference; lastKnownFileType = sourcecode.swift; path = ProfilePageView.swift; sourceTree = "<group>"; };
		CD0A20872A433D0200B01456 /* HomeHubContentView.swift */ = {isa = PBXFileReference; lastKnownFileType = sourcecode.swift; path = HomeHubContentView.swift; sourceTree = "<group>"; };
		CD0A20892A433FA600B01456 /* View+Extensions.swift */ = {isa = PBXFileReference; lastKnownFileType = sourcecode.swift; path = "View+Extensions.swift"; sourceTree = "<group>"; };
		CD0A208C2A4358FA00B01456 /* AccountPageView.swift */ = {isa = PBXFileReference; lastKnownFileType = sourcecode.swift; path = AccountPageView.swift; sourceTree = "<group>"; };
		CD2925FC2A40AC7400565D2A /* lbx-client.app */ = {isa = PBXFileReference; explicitFileType = wrapper.application; includeInIndex = 0; path = "lbx-client.app"; sourceTree = BUILT_PRODUCTS_DIR; };
		CD2925FF2A40AC7400565D2A /* lbx_clientApp.swift */ = {isa = PBXFileReference; lastKnownFileType = sourcecode.swift; path = lbx_clientApp.swift; sourceTree = "<group>"; };
		CD2926012A40AC7400565D2A /* ContentView.swift */ = {isa = PBXFileReference; lastKnownFileType = sourcecode.swift; path = ContentView.swift; sourceTree = "<group>"; };
		CD2926032A40AC7500565D2A /* Assets.xcassets */ = {isa = PBXFileReference; lastKnownFileType = folder.assetcatalog; path = Assets.xcassets; sourceTree = "<group>"; };
		CD2926062A40AC7500565D2A /* Preview Assets.xcassets */ = {isa = PBXFileReference; lastKnownFileType = folder.assetcatalog; path = "Preview Assets.xcassets"; sourceTree = "<group>"; };
		CD2926122A40AD0000565D2A /* WalkthroughNotificationView.swift */ = {isa = PBXFileReference; lastKnownFileType = sourcecode.swift; path = WalkthroughNotificationView.swift; sourceTree = "<group>"; };
		CD2926172A40ADA200565D2A /* Icons.swift */ = {isa = PBXFileReference; lastKnownFileType = sourcecode.swift; path = Icons.swift; sourceTree = "<group>"; };
		CD2926192A40AEA400565D2A /* Theme.swift */ = {isa = PBXFileReference; lastKnownFileType = sourcecode.swift; path = Theme.swift; sourceTree = "<group>"; };
		CD29261C2A40B0BF00565D2A /* AutoSizeText.swift */ = {isa = PBXFileReference; lastKnownFileType = sourcecode.swift; path = AutoSizeText.swift; sourceTree = "<group>"; };
		CD2926212A40B21800565D2A /* Localizable.strings */ = {isa = PBXFileReference; lastKnownFileType = text.plist.strings; path = Localizable.strings; sourceTree = "<group>"; };
		CD2926232A40B2DE00565D2A /* Typography.swift */ = {isa = PBXFileReference; lastKnownFileType = sourcecode.swift; path = Typography.swift; sourceTree = "<group>"; };
		CD2926252A40B42F00565D2A /* Body.ttf */ = {isa = PBXFileReference; lastKnownFileType = file; name = Body.ttf; path = "../../../../../../Desktop/Design-Work/Body.ttf"; sourceTree = "<group>"; };
		CD2926262A40B42F00565D2A /* Header.ttf */ = {isa = PBXFileReference; lastKnownFileType = file; name = Header.ttf; path = "../../../../../../Desktop/Design-Work/Header.ttf"; sourceTree = "<group>"; };
		CD2926272A40B43800565D2A /* Inter.ttf */ = {isa = PBXFileReference; lastKnownFileType = file; name = Inter.ttf; path = "../../../../../../Desktop/Design-Work/Inter.ttf"; sourceTree = "<group>"; };
		CD2926292A40B51F00565D2A /* Config.swift */ = {isa = PBXFileReference; lastKnownFileType = sourcecode.swift; path = Config.swift; sourceTree = "<group>"; };
		CD29262B2A40B6B800565D2A /* Colors.swift */ = {isa = PBXFileReference; lastKnownFileType = sourcecode.swift; path = Colors.swift; sourceTree = "<group>"; };
		CD29262E2A40BB9800565D2A /* ThemeConfiguration.swift */ = {isa = PBXFileReference; lastKnownFileType = sourcecode.swift; path = ThemeConfiguration.swift; sourceTree = "<group>"; };
		CD2926312A40C2FF00565D2A /* ButtonStyles.swift */ = {isa = PBXFileReference; lastKnownFileType = sourcecode.swift; path = ButtonStyles.swift; sourceTree = "<group>"; };
		CD2926342A40D48900565D2A /* SplashView.swift */ = {isa = PBXFileReference; lastKnownFileType = sourcecode.swift; path = SplashView.swift; sourceTree = "<group>"; };
		CD2926372A40D79500565D2A /* SignInView.swift */ = {isa = PBXFileReference; lastKnownFileType = sourcecode.swift; path = SignInView.swift; sourceTree = "<group>"; };
		CD2926392A40DE3C00565D2A /* FormField.swift */ = {isa = PBXFileReference; lastKnownFileType = sourcecode.swift; path = FormField.swift; sourceTree = "<group>"; };
		CD29263E2A40EA6C00565D2A /* String+Extensions.swift */ = {isa = PBXFileReference; lastKnownFileType = sourcecode.swift; path = "String+Extensions.swift"; sourceTree = "<group>"; };
/* End PBXFileReference section */

/* Begin PBXFrameworksBuildPhase section */
		CD2925F92A40AC7400565D2A /* Frameworks */ = {
			isa = PBXFrameworksBuildPhase;
			buildActionMask = 2147483647;
			files = (
			);
			runOnlyForDeploymentPostprocessing = 0;
		};
/* End PBXFrameworksBuildPhase section */

/* Begin PBXGroup section */
		CD0A20772A41EEDC00B01456 /* CreateAccount */ = {
			isa = PBXGroup;
			children = (
				CD0A20782A41EEEA00B01456 /* CreateAccountView.swift */,
			);
			path = CreateAccount;
			sourceTree = "<group>";
		};
		CD0A207C2A42317200B01456 /* Home */ = {
			isa = PBXGroup;
			children = (
				CD0A207F2A42319F00B01456 /* HomeView.swift */,
				CD0A20812A4231BD00B01456 /* HomeCarousel */,
				CD0A207E2A42318C00B01456 /* HomeHubContent */,
				CD0A207D2A42318000B01456 /* HomeLastOrder */,
			);
			path = Home;
			sourceTree = "<group>";
		};
		CD0A207D2A42318000B01456 /* HomeLastOrder */ = {
			isa = PBXGroup;
			children = (
			);
			path = HomeLastOrder;
			sourceTree = "<group>";
		};
		CD0A207E2A42318C00B01456 /* HomeHubContent */ = {
			isa = PBXGroup;
			children = (
				CD0A20872A433D0200B01456 /* HomeHubContentView.swift */,
			);
			path = HomeHubContent;
			sourceTree = "<group>";
		};
		CD0A20812A4231BD00B01456 /* HomeCarousel */ = {
			isa = PBXGroup;
			children = (
				CD0A20822A4231CB00B01456 /* HomeCarouselView.swift */,
			);
			path = HomeCarousel;
			sourceTree = "<group>";
		};
		CD0A20842A42423700B01456 /* Profile */ = {
			isa = PBXGroup;
			children = (
				CD0A20852A42424500B01456 /* ProfilePageView.swift */,
			);
			path = Profile;
			sourceTree = "<group>";
		};
		CD0A208B2A4358EC00B01456 /* Account */ = {
			isa = PBXGroup;
			children = (
				CD0A208C2A4358FA00B01456 /* AccountPageView.swift */,
			);
			path = Account;
			sourceTree = "<group>";
		};
		CD2925F32A40AC7400565D2A = {
			isa = PBXGroup;
			children = (
				CD2926142A40AD7900565D2A /* lbx-ui */,
				CD2925FE2A40AC7400565D2A /* lbx-client */,
				CD2925FD2A40AC7400565D2A /* Products */,
			);
			sourceTree = "<group>";
		};
		CD2925FD2A40AC7400565D2A /* Products */ = {
			isa = PBXGroup;
			children = (
				CD2925FC2A40AC7400565D2A /* lbx-client.app */,
			);
			name = Products;
			sourceTree = "<group>";
		};
		CD2925FE2A40AC7400565D2A /* lbx-client */ = {
			isa = PBXGroup;
			children = (
				CD0A208B2A4358EC00B01456 /* Account */,
				CD0A20762A41EDE400B01456 /* Info.plist */,
				CD0A20842A42423700B01456 /* Profile */,
				CD0A207C2A42317200B01456 /* Home */,
				CD0A20772A41EEDC00B01456 /* CreateAccount */,
				CD29263B2A40EA3F00565D2A /* System */,
				CD2926362A40D74400565D2A /* SignIn */,
				CD2926332A40D31F00565D2A /* Splash */,
				CD29262D2A40BB8400565D2A /* Models */,
				CD2926282A40B51300565D2A /* Config */,
				CD29260D2A40AC9200565D2A /* Walkthrough */,
				CD2925FF2A40AC7400565D2A /* lbx_clientApp.swift */,
				CD2926012A40AC7400565D2A /* ContentView.swift */,
				CD2926032A40AC7500565D2A /* Assets.xcassets */,
				CD2926052A40AC7500565D2A /* Preview Content */,
			);
			path = "lbx-client";
			sourceTree = "<group>";
		};
		CD2926052A40AC7500565D2A /* Preview Content */ = {
			isa = PBXGroup;
			children = (
				CD2926062A40AC7500565D2A /* Preview Assets.xcassets */,
			);
			path = "Preview Content";
			sourceTree = "<group>";
		};
		CD29260D2A40AC9200565D2A /* Walkthrough */ = {
			isa = PBXGroup;
			children = (
				CD29260E2A40ACB100565D2A /* WalkthroughNotification */,
			);
			path = Walkthrough;
			sourceTree = "<group>";
		};
		CD29260E2A40ACB100565D2A /* WalkthroughNotification */ = {
			isa = PBXGroup;
			children = (
				CD2926122A40AD0000565D2A /* WalkthroughNotificationView.swift */,
			);
			path = WalkthroughNotification;
			sourceTree = "<group>";
		};
		CD2926142A40AD7900565D2A /* lbx-ui */ = {
			isa = PBXGroup;
			children = (
				CD2926302A40C2EF00565D2A /* Atoms */,
				CD29261E2A40B1D400565D2A /* Resources */,
				CD29261B2A40B0AD00565D2A /* Molecules */,
				CD2926152A40AD8B00565D2A /* Tokens */,
				CD2926192A40AEA400565D2A /* Theme.swift */,
			);
			path = "lbx-ui";
			sourceTree = "<group>";
		};
		CD2926152A40AD8B00565D2A /* Tokens */ = {
			isa = PBXGroup;
			children = (
				CD2926172A40ADA200565D2A /* Icons.swift */,
				CD2926232A40B2DE00565D2A /* Typography.swift */,
				CD29262B2A40B6B800565D2A /* Colors.swift */,
			);
			path = Tokens;
			sourceTree = "<group>";
		};
		CD29261B2A40B0AD00565D2A /* Molecules */ = {
			isa = PBXGroup;
			children = (
				CD29261C2A40B0BF00565D2A /* AutoSizeText.swift */,
				CD2926392A40DE3C00565D2A /* FormField.swift */,
				CD0A20742A41C88500B01456 /* SecureFormField.swift */,
				CD0A207A2A4229E600B01456 /* TermsOfServiceView.swift */,
			);
			path = Molecules;
			sourceTree = "<group>";
		};
		CD29261E2A40B1D400565D2A /* Resources */ = {
			isa = PBXGroup;
			children = (
				CD2926272A40B43800565D2A /* Inter.ttf */,
				CD2926252A40B42F00565D2A /* Body.ttf */,
				CD2926262A40B42F00565D2A /* Header.ttf */,
				CD2926212A40B21800565D2A /* Localizable.strings */,
			);
			path = Resources;
			sourceTree = "<group>";
		};
		CD2926282A40B51300565D2A /* Config */ = {
			isa = PBXGroup;
			children = (
				CD2926292A40B51F00565D2A /* Config.swift */,
			);
			path = Config;
			sourceTree = "<group>";
		};
		CD29262D2A40BB8400565D2A /* Models */ = {
			isa = PBXGroup;
			children = (
				CD29262E2A40BB9800565D2A /* ThemeConfiguration.swift */,
			);
			path = Models;
			sourceTree = "<group>";
		};
		CD2926302A40C2EF00565D2A /* Atoms */ = {
			isa = PBXGroup;
			children = (
				CD2926312A40C2FF00565D2A /* ButtonStyles.swift */,
			);
			path = Atoms;
			sourceTree = "<group>";
		};
		CD2926332A40D31F00565D2A /* Splash */ = {
			isa = PBXGroup;
			children = (
				CD2926342A40D48900565D2A /* SplashView.swift */,
			);
			path = Splash;
			sourceTree = "<group>";
		};
		CD2926362A40D74400565D2A /* SignIn */ = {
			isa = PBXGroup;
			children = (
				CD2926372A40D79500565D2A /* SignInView.swift */,
			);
			path = SignIn;
			sourceTree = "<group>";
		};
		CD29263B2A40EA3F00565D2A /* System */ = {
			isa = PBXGroup;
			children = (
				CD29263C2A40EA4A00565D2A /* Extensions */,
			);
			path = System;
			sourceTree = "<group>";
		};
		CD29263C2A40EA4A00565D2A /* Extensions */ = {
			isa = PBXGroup;
			children = (
				CD29263E2A40EA6C00565D2A /* String+Extensions.swift */,
				CD0A20892A433FA600B01456 /* View+Extensions.swift */,
			);
			path = Extensions;
			sourceTree = "<group>";
		};
/* End PBXGroup section */

/* Begin PBXNativeTarget section */
		CD2925FB2A40AC7400565D2A /* lbx-client */ = {
			isa = PBXNativeTarget;
			buildConfigurationList = CD29260A2A40AC7500565D2A /* Build configuration list for PBXNativeTarget "lbx-client" */;
			buildPhases = (
				CD2925F82A40AC7400565D2A /* Sources */,
				CD2925F92A40AC7400565D2A /* Frameworks */,
				CD2925FA2A40AC7400565D2A /* Resources */,
			);
			buildRules = (
			);
			dependencies = (
			);
			name = "lbx-client";
			productName = "lbx-client";
			productReference = CD2925FC2A40AC7400565D2A /* lbx-client.app */;
			productType = "com.apple.product-type.application";
		};
/* End PBXNativeTarget section */

/* Begin PBXProject section */
		CD2925F42A40AC7400565D2A /* Project object */ = {
			isa = PBXProject;
			attributes = {
				BuildIndependentTargetsInParallel = 1;
				LastSwiftUpdateCheck = 1420;
				LastUpgradeCheck = 1420;
				TargetAttributes = {
					CD2925FB2A40AC7400565D2A = {
						CreatedOnToolsVersion = 14.2;
					};
				};
			};
			buildConfigurationList = CD2925F72A40AC7400565D2A /* Build configuration list for PBXProject "lbx-client" */;
			compatibilityVersion = "Xcode 14.0";
			developmentRegion = en;
			hasScannedForEncodings = 0;
			knownRegions = (
				en,
				Base,
			);
			mainGroup = CD2925F32A40AC7400565D2A;
			productRefGroup = CD2925FD2A40AC7400565D2A /* Products */;
			projectDirPath = "";
			projectRoot = "";
			targets = (
				CD2925FB2A40AC7400565D2A /* lbx-client */,
			);
		};
/* End PBXProject section */

/* Begin PBXResourcesBuildPhase section */
		CD2925FA2A40AC7400565D2A /* Resources */ = {
			isa = PBXResourcesBuildPhase;
			buildActionMask = 2147483647;
			files = (
				CD2926072A40AC7500565D2A /* Preview Assets.xcassets in Resources */,
				CD2926222A40B21800565D2A /* Localizable.strings in Resources */,
				CD2926042A40AC7500565D2A /* Assets.xcassets in Resources */,
			);
			runOnlyForDeploymentPostprocessing = 0;
		};
/* End PBXResourcesBuildPhase section */

/* Begin PBXSourcesBuildPhase section */
		CD2925F82A40AC7400565D2A /* Sources */ = {
			isa = PBXSourcesBuildPhase;
			buildActionMask = 2147483647;
			files = (
				CD29263A2A40DE3C00565D2A /* FormField.swift in Sources */,
				CD2926322A40C2FF00565D2A /* ButtonStyles.swift in Sources */,
				CD2926242A40B2DE00565D2A /* Typography.swift in Sources */,
				CD29262C2A40B6B800565D2A /* Colors.swift in Sources */,
				CD2926022A40AC7400565D2A /* ContentView.swift in Sources */,
				CD2926002A40AC7400565D2A /* lbx_clientApp.swift in Sources */,
				CD2926352A40D48900565D2A /* SplashView.swift in Sources */,
				CD29261A2A40AEA400565D2A /* Theme.swift in Sources */,
				CD0A208A2A433FA600B01456 /* View+Extensions.swift in Sources */,
				CD2926182A40ADA200565D2A /* Icons.swift in Sources */,
				CD29262F2A40BB9800565D2A /* ThemeConfiguration.swift in Sources */,
				CD29263F2A40EA6C00565D2A /* String+Extensions.swift in Sources */,
				CD0A20882A433D0200B01456 /* HomeHubContentView.swift in Sources */,
				CD0A208D2A4358FA00B01456 /* AccountPageView.swift in Sources */,
				CD29262A2A40B51F00565D2A /* Config.swift in Sources */,
				CD29261D2A40B0BF00565D2A /* AutoSizeText.swift in Sources */,
				CD0A20862A42424500B01456 /* ProfilePageView.swift in Sources */,
				CD0A20792A41EEEA00B01456 /* CreateAccountView.swift in Sources */,
				CD2926132A40AD0000565D2A /* WalkthroughNotificationView.swift in Sources */,
				CD0A20832A4231CB00B01456 /* HomeCarouselView.swift in Sources */,
				CD2926382A40D79500565D2A /* SignInView.swift in Sources */,
				CD0A20752A41C88500B01456 /* SecureFormField.swift in Sources */,
				CD0A207B2A4229E600B01456 /* TermsOfServiceView.swift in Sources */,
				CD0A20802A42319F00B01456 /* HomeView.swift in Sources */,
			);
			runOnlyForDeploymentPostprocessing = 0;
		};
/* End PBXSourcesBuildPhase section */

/* Begin XCBuildConfiguration section */
		CD2926082A40AC7500565D2A /* Debug */ = {
			isa = XCBuildConfiguration;
			buildSettings = {
				ALWAYS_SEARCH_USER_PATHS = NO;
				CLANG_ANALYZER_NONNULL = YES;
				CLANG_ANALYZER_NUMBER_OBJECT_CONVERSION = YES_AGGRESSIVE;
				CLANG_CXX_LANGUAGE_STANDARD = "gnu++20";
				CLANG_ENABLE_MODULES = YES;
				CLANG_ENABLE_OBJC_ARC = YES;
				CLANG_ENABLE_OBJC_WEAK = YES;
				CLANG_WARN_BLOCK_CAPTURE_AUTORELEASING = YES;
				CLANG_WARN_BOOL_CONVERSION = YES;
				CLANG_WARN_COMMA = YES;
				CLANG_WARN_CONSTANT_CONVERSION = YES;
				CLANG_WARN_DEPRECATED_OBJC_IMPLEMENTATIONS = YES;
				CLANG_WARN_DIRECT_OBJC_ISA_USAGE = YES_ERROR;
				CLANG_WARN_DOCUMENTATION_COMMENTS = YES;
				CLANG_WARN_EMPTY_BODY = YES;
				CLANG_WARN_ENUM_CONVERSION = YES;
				CLANG_WARN_INFINITE_RECURSION = YES;
				CLANG_WARN_INT_CONVERSION = YES;
				CLANG_WARN_NON_LITERAL_NULL_CONVERSION = YES;
				CLANG_WARN_OBJC_IMPLICIT_RETAIN_SELF = YES;
				CLANG_WARN_OBJC_LITERAL_CONVERSION = YES;
				CLANG_WARN_OBJC_ROOT_CLASS = YES_ERROR;
				CLANG_WARN_QUOTED_INCLUDE_IN_FRAMEWORK_HEADER = YES;
				CLANG_WARN_RANGE_LOOP_ANALYSIS = YES;
				CLANG_WARN_STRICT_PROTOTYPES = YES;
				CLANG_WARN_SUSPICIOUS_MOVE = YES;
				CLANG_WARN_UNGUARDED_AVAILABILITY = YES_AGGRESSIVE;
				CLANG_WARN_UNREACHABLE_CODE = YES;
				CLANG_WARN__DUPLICATE_METHOD_MATCH = YES;
				COPY_PHASE_STRIP = NO;
				DEBUG_INFORMATION_FORMAT = dwarf;
				ENABLE_STRICT_OBJC_MSGSEND = YES;
				ENABLE_TESTABILITY = YES;
				GCC_C_LANGUAGE_STANDARD = gnu11;
				GCC_DYNAMIC_NO_PIC = NO;
				GCC_NO_COMMON_BLOCKS = YES;
				GCC_OPTIMIZATION_LEVEL = 0;
				GCC_PREPROCESSOR_DEFINITIONS = (
					"DEBUG=1",
					"$(inherited)",
				);
				GCC_WARN_64_TO_32_BIT_CONVERSION = YES;
				GCC_WARN_ABOUT_RETURN_TYPE = YES_ERROR;
				GCC_WARN_UNDECLARED_SELECTOR = YES;
				GCC_WARN_UNINITIALIZED_AUTOS = YES_AGGRESSIVE;
				GCC_WARN_UNUSED_FUNCTION = YES;
				GCC_WARN_UNUSED_VARIABLE = YES;
				IPHONEOS_DEPLOYMENT_TARGET = 16.2;
				MTL_ENABLE_DEBUG_INFO = INCLUDE_SOURCE;
				MTL_FAST_MATH = YES;
				ONLY_ACTIVE_ARCH = YES;
				SDKROOT = iphoneos;
				SWIFT_ACTIVE_COMPILATION_CONDITIONS = DEBUG;
				SWIFT_OPTIMIZATION_LEVEL = "-Onone";
			};
			name = Debug;
		};
		CD2926092A40AC7500565D2A /* Release */ = {
			isa = XCBuildConfiguration;
			buildSettings = {
				ALWAYS_SEARCH_USER_PATHS = NO;
				CLANG_ANALYZER_NONNULL = YES;
				CLANG_ANALYZER_NUMBER_OBJECT_CONVERSION = YES_AGGRESSIVE;
				CLANG_CXX_LANGUAGE_STANDARD = "gnu++20";
				CLANG_ENABLE_MODULES = YES;
				CLANG_ENABLE_OBJC_ARC = YES;
				CLANG_ENABLE_OBJC_WEAK = YES;
				CLANG_WARN_BLOCK_CAPTURE_AUTORELEASING = YES;
				CLANG_WARN_BOOL_CONVERSION = YES;
				CLANG_WARN_COMMA = YES;
				CLANG_WARN_CONSTANT_CONVERSION = YES;
				CLANG_WARN_DEPRECATED_OBJC_IMPLEMENTATIONS = YES;
				CLANG_WARN_DIRECT_OBJC_ISA_USAGE = YES_ERROR;
				CLANG_WARN_DOCUMENTATION_COMMENTS = YES;
				CLANG_WARN_EMPTY_BODY = YES;
				CLANG_WARN_ENUM_CONVERSION = YES;
				CLANG_WARN_INFINITE_RECURSION = YES;
				CLANG_WARN_INT_CONVERSION = YES;
				CLANG_WARN_NON_LITERAL_NULL_CONVERSION = YES;
				CLANG_WARN_OBJC_IMPLICIT_RETAIN_SELF = YES;
				CLANG_WARN_OBJC_LITERAL_CONVERSION = YES;
				CLANG_WARN_OBJC_ROOT_CLASS = YES_ERROR;
				CLANG_WARN_QUOTED_INCLUDE_IN_FRAMEWORK_HEADER = YES;
				CLANG_WARN_RANGE_LOOP_ANALYSIS = YES;
				CLANG_WARN_STRICT_PROTOTYPES = YES;
				CLANG_WARN_SUSPICIOUS_MOVE = YES;
				CLANG_WARN_UNGUARDED_AVAILABILITY = YES_AGGRESSIVE;
				CLANG_WARN_UNREACHABLE_CODE = YES;
				CLANG_WARN__DUPLICATE_METHOD_MATCH = YES;
				COPY_PHASE_STRIP = NO;
				DEBUG_INFORMATION_FORMAT = "dwarf-with-dsym";
				ENABLE_NS_ASSERTIONS = NO;
				ENABLE_STRICT_OBJC_MSGSEND = YES;
				GCC_C_LANGUAGE_STANDARD = gnu11;
				GCC_NO_COMMON_BLOCKS = YES;
				GCC_WARN_64_TO_32_BIT_CONVERSION = YES;
				GCC_WARN_ABOUT_RETURN_TYPE = YES_ERROR;
				GCC_WARN_UNDECLARED_SELECTOR = YES;
				GCC_WARN_UNINITIALIZED_AUTOS = YES_AGGRESSIVE;
				GCC_WARN_UNUSED_FUNCTION = YES;
				GCC_WARN_UNUSED_VARIABLE = YES;
				IPHONEOS_DEPLOYMENT_TARGET = 16.2;
				MTL_ENABLE_DEBUG_INFO = NO;
				MTL_FAST_MATH = YES;
				SDKROOT = iphoneos;
				SWIFT_COMPILATION_MODE = wholemodule;
				SWIFT_OPTIMIZATION_LEVEL = "-O";
				VALIDATE_PRODUCT = YES;
			};
			name = Release;
		};
		CD29260B2A40AC7500565D2A /* Debug */ = {
			isa = XCBuildConfiguration;
			buildSettings = {
				ASSETCATALOG_COMPILER_APPICON_NAME = AppIcon;
				ASSETCATALOG_COMPILER_GLOBAL_ACCENT_COLOR_NAME = AccentColor;
				CODE_SIGN_STYLE = Automatic;
				CURRENT_PROJECT_VERSION = 1;
				DEVELOPMENT_ASSET_PATHS = "\"lbx-client/Preview Content\"";
				DEVELOPMENT_TEAM = AST77APB2R;
				ENABLE_PREVIEWS = YES;
				GENERATE_INFOPLIST_FILE = YES;
				INFOPLIST_FILE = "lbx-client/Info.plist";
				INFOPLIST_KEY_UIApplicationSceneManifest_Generation = YES;
				INFOPLIST_KEY_UIApplicationSupportsIndirectInputEvents = YES;
				INFOPLIST_KEY_UILaunchScreen_Generation = YES;
				INFOPLIST_KEY_UISupportedInterfaceOrientations_iPad = "UIInterfaceOrientationPortrait UIInterfaceOrientationPortraitUpsideDown UIInterfaceOrientationLandscapeLeft UIInterfaceOrientationLandscapeRight";
				INFOPLIST_KEY_UISupportedInterfaceOrientations_iPhone = "UIInterfaceOrientationPortrait UIInterfaceOrientationLandscapeLeft UIInterfaceOrientationLandscapeRight";
				LD_RUNPATH_SEARCH_PATHS = (
					"$(inherited)",
					"@executable_path/Frameworks",
				);
				MARKETING_VERSION = 1.0;
				PRODUCT_BUNDLE_IDENTIFIER = "mbayi.lbx-client";
				PRODUCT_NAME = "$(TARGET_NAME)";
				SWIFT_EMIT_LOC_STRINGS = YES;
				SWIFT_VERSION = 5.0;
				TARGETED_DEVICE_FAMILY = "1,2";
			};
			name = Debug;
		};
		CD29260C2A40AC7500565D2A /* Release */ = {
			isa = XCBuildConfiguration;
			buildSettings = {
				ASSETCATALOG_COMPILER_APPICON_NAME = AppIcon;
				ASSETCATALOG_COMPILER_GLOBAL_ACCENT_COLOR_NAME = AccentColor;
				CODE_SIGN_STYLE = Automatic;
				CURRENT_PROJECT_VERSION = 1;
				DEVELOPMENT_ASSET_PATHS = "\"lbx-client/Preview Content\"";
				DEVELOPMENT_TEAM = AST77APB2R;
				ENABLE_PREVIEWS = YES;
				GENERATE_INFOPLIST_FILE = YES;
				INFOPLIST_FILE = "lbx-client/Info.plist";
				INFOPLIST_KEY_UIApplicationSceneManifest_Generation = YES;
				INFOPLIST_KEY_UIApplicationSupportsIndirectInputEvents = YES;
				INFOPLIST_KEY_UILaunchScreen_Generation = YES;
				INFOPLIST_KEY_UISupportedInterfaceOrientations_iPad = "UIInterfaceOrientationPortrait UIInterfaceOrientationPortraitUpsideDown UIInterfaceOrientationLandscapeLeft UIInterfaceOrientationLandscapeRight";
				INFOPLIST_KEY_UISupportedInterfaceOrientations_iPhone = "UIInterfaceOrientationPortrait UIInterfaceOrientationLandscapeLeft UIInterfaceOrientationLandscapeRight";
				LD_RUNPATH_SEARCH_PATHS = (
					"$(inherited)",
					"@executable_path/Frameworks",
				);
				MARKETING_VERSION = 1.0;
				PRODUCT_BUNDLE_IDENTIFIER = "mbayi.lbx-client";
				PRODUCT_NAME = "$(TARGET_NAME)";
				SWIFT_EMIT_LOC_STRINGS = YES;
				SWIFT_VERSION = 5.0;
				TARGETED_DEVICE_FAMILY = "1,2";
			};
			name = Release;
		};
/* End XCBuildConfiguration section */

/* Begin XCConfigurationList section */
		CD2925F72A40AC7400565D2A /* Build configuration list for PBXProject "lbx-client" */ = {
			isa = XCConfigurationList;
			buildConfigurations = (
				CD2926082A40AC7500565D2A /* Debug */,
				CD2926092A40AC7500565D2A /* Release */,
			);
			defaultConfigurationIsVisible = 0;
			defaultConfigurationName = Release;
		};
		CD29260A2A40AC7500565D2A /* Build configuration list for PBXNativeTarget "lbx-client" */ = {
			isa = XCConfigurationList;
			buildConfigurations = (
				CD29260B2A40AC7500565D2A /* Debug */,
				CD29260C2A40AC7500565D2A /* Release */,
			);
			defaultConfigurationIsVisible = 0;
			defaultConfigurationName = Release;
		};
/* End XCConfigurationList section */
	};
	rootObject = CD2925F42A40AC7400565D2A /* Project object */;
}
