// !$*UTF8*$!
{
	archiveVersion = 1;
	classes = {
	};
	objectVersion = 56;
	objects = {

/* Begin PBXBuildFile section */
		CD0A20752A41C88500B01456 /* SecureFormField.swift in Sources */ = {isa = PBXBuildFile; fileRef = CD0A20742A41C88500B01456 /* SecureFormField.swift */; };
		CD0A20792A41EEEA00B01456 /* CreateAccountView.swift in Sources */ = {isa = PBXBuildFile; fileRef = CD0A20782A41EEEA00B01456 /* CreateAccountView.swift */; };
		CD0A207B2A4229E600B01456 /* TermsOfServiceView.swift in Sources */ = {isa = PBXBuildFile; fileRef = CD0A207A2A4229E600B01456 /* TermsOfServiceView.swift */; };
		CD0A20802A42319F00B01456 /* HomeView.swift in Sources */ = {isa = PBXBuildFile; fileRef = CD0A207F2A42319F00B01456 /* HomeView.swift */; };
		CD0A20832A4231CB00B01456 /* HomeCarouselView.swift in Sources */ = {isa = PBXBuildFile; fileRef = CD0A20822A4231CB00B01456 /* HomeCarouselView.swift */; };
		CD0A20862A42424500B01456 /* ProfilePageView.swift in Sources */ = {isa = PBXBuildFile; fileRef = CD0A20852A42424500B01456 /* ProfilePageView.swift */; };
		CD0A20882A433D0200B01456 /* HomeHubContentView.swift in Sources */ = {isa = PBXBuildFile; fileRef = CD0A20872A433D0200B01456 /* HomeHubContentView.swift */; };
		CD0A208A2A433FA600B01456 /* View+Extensions.swift in Sources */ = {isa = PBXBuildFile; fileRef = CD0A20892A433FA600B01456 /* View+Extensions.swift */; };
		CD0A208D2A4358FA00B01456 /* AccountPageView.swift in Sources */ = {isa = PBXBuildFile; fileRef = CD0A208C2A4358FA00B01456 /* AccountPageView.swift */; };
		CD0A20902A4361EE00B01456 /* ForgotPasswordView.swift in Sources */ = {isa = PBXBuildFile; fileRef = CD0A208F2A4361EE00B01456 /* ForgotPasswordView.swift */; };
		CD0A20922A43864300B01456 /* Footer.swift in Sources */ = {isa = PBXBuildFile; fileRef = CD0A20912A43864300B01456 /* Footer.swift */; };
		CD0A20952A44272600B01456 /* ManageCardsPageView.swift in Sources */ = {isa = PBXBuildFile; fileRef = CD0A20942A44272600B01456 /* ManageCardsPageView.swift */; };
		CD0A20972A44273800B01456 /* CardSummaryCellView.swift in Sources */ = {isa = PBXBuildFile; fileRef = CD0A20962A44273800B01456 /* CardSummaryCellView.swift */; };
		CD0A209A2A4430AB00B01456 /* AddCardPageView.swift in Sources */ = {isa = PBXBuildFile; fileRef = CD0A20992A4430AB00B01456 /* AddCardPageView.swift */; };
		CD0A209E2A443B4300B01456 /* MenuItemCell.swift in Sources */ = {isa = PBXBuildFile; fileRef = CD0A209D2A443B4300B01456 /* MenuItemCell.swift */; };
		CD0A20A62A44997800B01456 /* AppState.swift in Sources */ = {isa = PBXBuildFile; fileRef = CD0A20A52A44997800B01456 /* AppState.swift */; };
		CD0A20A82A4499B500B01456 /* ThemeConfigurationState.swift in Sources */ = {isa = PBXBuildFile; fileRef = CD0A20A72A4499B500B01456 /* ThemeConfigurationState.swift */; };
		CD2926002A40AC7400565D2A /* lbx_clientApp.swift in Sources */ = {isa = PBXBuildFile; fileRef = CD2925FF2A40AC7400565D2A /* lbx_clientApp.swift */; };
		CD2926022A40AC7400565D2A /* ContentView.swift in Sources */ = {isa = PBXBuildFile; fileRef = CD2926012A40AC7400565D2A /* ContentView.swift */; };
		CD2926042A40AC7500565D2A /* Assets.xcassets in Resources */ = {isa = PBXBuildFile; fileRef = CD2926032A40AC7500565D2A /* Assets.xcassets */; };
		CD2926072A40AC7500565D2A /* Preview Assets.xcassets in Resources */ = {isa = PBXBuildFile; fileRef = CD2926062A40AC7500565D2A /* Preview Assets.xcassets */; };
		CD2926132A40AD0000565D2A /* WalkthroughNotificationView.swift in Sources */ = {isa = PBXBuildFile; fileRef = CD2926122A40AD0000565D2A /* WalkthroughNotificationView.swift */; };
		CD2926182A40ADA200565D2A /* Icons.swift in Sources */ = {isa = PBXBuildFile; fileRef = CD2926172A40ADA200565D2A /* Icons.swift */; };
		CD29261A2A40AEA400565D2A /* Theme.swift in Sources */ = {isa = PBXBuildFile; fileRef = CD2926192A40AEA400565D2A /* Theme.swift */; };
		CD29261D2A40B0BF00565D2A /* AutoSizeText.swift in Sources */ = {isa = PBXBuildFile; fileRef = CD29261C2A40B0BF00565D2A /* AutoSizeText.swift */; };
		CD2926222A40B21800565D2A /* Localizable.strings in Resources */ = {isa = PBXBuildFile; fileRef = CD2926212A40B21800565D2A /* Localizable.strings */; };
		CD2926242A40B2DE00565D2A /* Typography.swift in Sources */ = {isa = PBXBuildFile; fileRef = CD2926232A40B2DE00565D2A /* Typography.swift */; };
		CD29262A2A40B51F00565D2A /* Config.swift in Sources */ = {isa = PBXBuildFile; fileRef = CD2926292A40B51F00565D2A /* Config.swift */; };
		CD29262C2A40B6B800565D2A /* Colors.swift in Sources */ = {isa = PBXBuildFile; fileRef = CD29262B2A40B6B800565D2A /* Colors.swift */; };
		CD29262F2A40BB9800565D2A /* ThemeConfiguration.swift in Sources */ = {isa = PBXBuildFile; fileRef = CD29262E2A40BB9800565D2A /* ThemeConfiguration.swift */; };
		CD2926322A40C2FF00565D2A /* ButtonStyles.swift in Sources */ = {isa = PBXBuildFile; fileRef = CD2926312A40C2FF00565D2A /* ButtonStyles.swift */; };
		CD2926352A40D48900565D2A /* SplashView.swift in Sources */ = {isa = PBXBuildFile; fileRef = CD2926342A40D48900565D2A /* SplashView.swift */; };
		CD2926382A40D79500565D2A /* SignInView.swift in Sources */ = {isa = PBXBuildFile; fileRef = CD2926372A40D79500565D2A /* SignInView.swift */; };
		CD29263A2A40DE3C00565D2A /* FormField.swift in Sources */ = {isa = PBXBuildFile; fileRef = CD2926392A40DE3C00565D2A /* FormField.swift */; };
		CD29263F2A40EA6C00565D2A /* String+Extensions.swift in Sources */ = {isa = PBXBuildFile; fileRef = CD29263E2A40EA6C00565D2A /* String+Extensions.swift */; };
		CD5C8ABC2A46074400EAFAB7 /* SignInViewModel.swift in Sources */ = {isa = PBXBuildFile; fileRef = CD5C8ABB2A46074400EAFAB7 /* SignInViewModel.swift */; };
		CD5C8ABE2A46075100EAFAB7 /* SignInModel.swift in Sources */ = {isa = PBXBuildFile; fileRef = CD5C8ABD2A46075100EAFAB7 /* SignInModel.swift */; };
		CD5C8AC12A4607E300EAFAB7 /* ModelProtocol.swift in Sources */ = {isa = PBXBuildFile; fileRef = CD5C8AC02A4607E300EAFAB7 /* ModelProtocol.swift */; };
		CD5C8AC42A46082500EAFAB7 /* ValidationForm.swift in Sources */ = {isa = PBXBuildFile; fileRef = CD5C8AC32A46082500EAFAB7 /* ValidationForm.swift */; };
		CD5C8AC62A46084200EAFAB7 /* Validator.swift in Sources */ = {isa = PBXBuildFile; fileRef = CD5C8AC52A46084200EAFAB7 /* Validator.swift */; };
		CD5C8AC92A4608EC00EAFAB7 /* ValidationType.swift in Sources */ = {isa = PBXBuildFile; fileRef = CD5C8AC82A4608EC00EAFAB7 /* ValidationType.swift */; };
		CD5C8ACB2A46090100EAFAB7 /* ValidationOption.swift in Sources */ = {isa = PBXBuildFile; fileRef = CD5C8ACA2A46090100EAFAB7 /* ValidationOption.swift */; };
		CD5C8ACD2A46091400EAFAB7 /* ValidatorOptions.swift in Sources */ = {isa = PBXBuildFile; fileRef = CD5C8ACC2A46091400EAFAB7 /* ValidatorOptions.swift */; };
		CD5C8AD02A46136500EAFAB7 /* EmptyValidator.swift in Sources */ = {isa = PBXBuildFile; fileRef = CD5C8ACF2A46136500EAFAB7 /* EmptyValidator.swift */; };
		CD5C8AD22A461E4600EAFAB7 /* ViewModelProtocol.swift in Sources */ = {isa = PBXBuildFile; fileRef = CD5C8AD12A461E4600EAFAB7 /* ViewModelProtocol.swift */; };
		CD6643892A49B8F400288F19 /* DependencyContainer.swift in Sources */ = {isa = PBXBuildFile; fileRef = CD6643882A49B8F400288F19 /* DependencyContainer.swift */; };
		CD66438C2A49BA6400288F19 /* Tasks.swift in Sources */ = {isa = PBXBuildFile; fileRef = CD66438B2A49BA6400288F19 /* Tasks.swift */; };
		CD66438F2A49BA9F00288F19 /* Repositories.swift in Sources */ = {isa = PBXBuildFile; fileRef = CD66438E2A49BA9F00288F19 /* Repositories.swift */; };
		CD6643912A49BB4400288F19 /* Repository.swift in Sources */ = {isa = PBXBuildFile; fileRef = CD6643902A49BB4400288F19 /* Repository.swift */; };
		CD6643952A49BBDB00288F19 /* Task.swift in Sources */ = {isa = PBXBuildFile; fileRef = CD6643942A49BBDB00288F19 /* Task.swift */; };
		CD6643982A49BC7600288F19 /* ThemeConfigurationStore.swift in Sources */ = {isa = PBXBuildFile; fileRef = CD6643972A49BC7600288F19 /* ThemeConfigurationStore.swift */; };
		CD66439B2A49BF0E00288F19 /* SessionStore.swift in Sources */ = {isa = PBXBuildFile; fileRef = CD66439A2A49BF0E00288F19 /* SessionStore.swift */; };
		CD66439D2A49C23000288F19 /* KeyStore.swift in Sources */ = {isa = PBXBuildFile; fileRef = CD66439C2A49C23000288F19 /* KeyStore.swift */; };
		CD6643A12A49C59800288F19 /* DisplayAlertMessageTask.swift in Sources */ = {isa = PBXBuildFile; fileRef = CD6643A02A49C59800288F19 /* DisplayAlertMessageTask.swift */; };
		CD6643A32A49C61700288F19 /* DisplayAlertMessageTaskModel.swift in Sources */ = {isa = PBXBuildFile; fileRef = CD6643A22A49C61700288F19 /* DisplayAlertMessageTaskModel.swift */; };
		CD6643A62A49C74200288F19 /* AlertMessage.swift in Sources */ = {isa = PBXBuildFile; fileRef = CD6643A52A49C74200288F19 /* AlertMessage.swift */; };
		CD6643A82A49C74C00288F19 /* AlertStyle.swift in Sources */ = {isa = PBXBuildFile; fileRef = CD6643A72A49C74C00288F19 /* AlertStyle.swift */; };
		CD6643AA2A49C92A00288F19 /* AlertRepository.swift in Sources */ = {isa = PBXBuildFile; fileRef = CD6643A92A49C92A00288F19 /* AlertRepository.swift */; };
		CD6643AC2A49CC3D00288F19 /* AlertStore.swift in Sources */ = {isa = PBXBuildFile; fileRef = CD6643AB2A49CC3D00288F19 /* AlertStore.swift */; };
		CD6643AE2A49CD1900288F19 /* DefaultKeyStore.swift in Sources */ = {isa = PBXBuildFile; fileRef = CD6643AD2A49CD1900288F19 /* DefaultKeyStore.swift */; };
		CD6643B22A49D90B00288F19 /* SignInTask.swift in Sources */ = {isa = PBXBuildFile; fileRef = CD6643B12A49D90B00288F19 /* SignInTask.swift */; };
		CD6643B42A49D9C600288F19 /* SignInTaskModel.swift in Sources */ = {isa = PBXBuildFile; fileRef = CD6643B32A49D9C600288F19 /* SignInTaskModel.swift */; };
		CD6643BB2A49DA5900288F19 /* PostSignInRequest.swift in Sources */ = {isa = PBXBuildFile; fileRef = CD6643BA2A49DA5900288F19 /* PostSignInRequest.swift */; };
		CD6643BD2A49DB2F00288F19 /* PostSignInPayload.swift in Sources */ = {isa = PBXBuildFile; fileRef = CD6643BC2A49DB2F00288F19 /* PostSignInPayload.swift */; };
		CD6643BF2A49DB3800288F19 /* PostSignInResponse.swift in Sources */ = {isa = PBXBuildFile; fileRef = CD6643BE2A49DB3800288F19 /* PostSignInResponse.swift */; };
		CD6643C32A49DCA300288F19 /* HTTPRequest.swift in Sources */ = {isa = PBXBuildFile; fileRef = CD6643C22A49DCA300288F19 /* HTTPRequest.swift */; };
		CD6643C52A49DD7B00288F19 /* HTTPMethod.swift in Sources */ = {isa = PBXBuildFile; fileRef = CD6643C42A49DD7B00288F19 /* HTTPMethod.swift */; };
		CD6643C82A49DDB400288F19 /* HTTPEndpoint.swift in Sources */ = {isa = PBXBuildFile; fileRef = CD6643C72A49DDB400288F19 /* HTTPEndpoint.swift */; };
		CD6643CA2A49DE6200288F19 /* NovadineEndpoint.swift in Sources */ = {isa = PBXBuildFile; fileRef = CD6643C92A49DE6200288F19 /* NovadineEndpoint.swift */; };
		CD6643CC2A49E50E00288F19 /* CustomerRespository.swift in Sources */ = {isa = PBXBuildFile; fileRef = CD6643CB2A49E50E00288F19 /* CustomerRespository.swift */; };
		CD6643CF2A49E5CC00288F19 /* HTTPClient.swift in Sources */ = {isa = PBXBuildFile; fileRef = CD6643CE2A49E5CC00288F19 /* HTTPClient.swift */; };
		CD6643D22A4A141300288F19 /* HTTPMessageContextual.swift in Sources */ = {isa = PBXBuildFile; fileRef = CD6643D12A4A141300288F19 /* HTTPMessageContextual.swift */; };
		CD6643D52A4A14A300288F19 /* URLScheme.swift in Sources */ = {isa = PBXBuildFile; fileRef = CD6643D42A4A14A300288F19 /* URLScheme.swift */; };
		CD6643D72A4A161000288F19 /* HTTPClientEncoder.swift in Sources */ = {isa = PBXBuildFile; fileRef = CD6643D62A4A161000288F19 /* HTTPClientEncoder.swift */; };
		CD6643D92A4A16A600288F19 /* HTTPClientDecoder.swift in Sources */ = {isa = PBXBuildFile; fileRef = CD6643D82A4A16A600288F19 /* HTTPClientDecoder.swift */; };
		CD6643DB2A4A170700288F19 /* HTTPRequestQueryItems.swift in Sources */ = {isa = PBXBuildFile; fileRef = CD6643DA2A4A170700288F19 /* HTTPRequestQueryItems.swift */; };
		CD6643DD2A4A177200288F19 /* HTTPClient+Error.swift in Sources */ = {isa = PBXBuildFile; fileRef = CD6643DC2A4A177200288F19 /* HTTPClient+Error.swift */; };
		CD6643DF2A4A1B5B00288F19 /* HTTPErrorValidationResponse.swift in Sources */ = {isa = PBXBuildFile; fileRef = CD6643DE2A4A1B5B00288F19 /* HTTPErrorValidationResponse.swift */; };
		CD6643E12A4A1BE200288F19 /* HTTPErrorMessageResponse.swift in Sources */ = {isa = PBXBuildFile; fileRef = CD6643E02A4A1BE200288F19 /* HTTPErrorMessageResponse.swift */; };
		CD6643E32A4A1E4900288F19 /* URLRequest+Extensions.swift in Sources */ = {isa = PBXBuildFile; fileRef = CD6643E22A4A1E4900288F19 /* URLRequest+Extensions.swift */; };
		CD6643E52A4A203F00288F19 /* HTTPRequestHeaders.swift in Sources */ = {isa = PBXBuildFile; fileRef = CD6643E42A4A203F00288F19 /* HTTPRequestHeaders.swift */; };
		CD6643E82A4A226A00288F19 /* CustomerAuthTokenTask.swift in Sources */ = {isa = PBXBuildFile; fileRef = CD6643E72A4A226A00288F19 /* CustomerAuthTokenTask.swift */; };
		CD6643EB2A4A241200288F19 /* Customer.swift in Sources */ = {isa = PBXBuildFile; fileRef = CD6643EA2A4A241200288F19 /* Customer.swift */; };
		CD6643ED2A4A254100288F19 /* PhoneService.swift in Sources */ = {isa = PBXBuildFile; fileRef = CD6643EC2A4A254100288F19 /* PhoneService.swift */; };
		CD6643EF2A4A276B00288F19 /* Int+Extensions.swift in Sources */ = {isa = PBXBuildFile; fileRef = CD6643EE2A4A276B00288F19 /* Int+Extensions.swift */; };
		CD6643F12A4A281A00288F19 /* SessionTokenTask.swift in Sources */ = {isa = PBXBuildFile; fileRef = CD6643F02A4A281A00288F19 /* SessionTokenTask.swift */; };
		CD6643F42A4A2CE500288F19 /* GetCustomerMeTask.swift in Sources */ = {isa = PBXBuildFile; fileRef = CD6643F32A4A2CE500288F19 /* GetCustomerMeTask.swift */; };
		CD6643F62A4B064E00288F19 /* GetCustomerMeRequest.swift in Sources */ = {isa = PBXBuildFile; fileRef = CD6643F52A4B064E00288F19 /* GetCustomerMeRequest.swift */; };
		CD6643F82A4B06DC00288F19 /* GetCustomerMePayload.swift in Sources */ = {isa = PBXBuildFile; fileRef = CD6643F72A4B06DC00288F19 /* GetCustomerMePayload.swift */; };
		CD6643FA2A4B070200288F19 /* GetCustomerMeResponse.swift in Sources */ = {isa = PBXBuildFile; fileRef = CD6643F92A4B070200288F19 /* GetCustomerMeResponse.swift */; };
		CD6643FC2A4B0FD100288F19 /* Customer+GetCustomerMeResponse.swift in Sources */ = {isa = PBXBuildFile; fileRef = CD6643FB2A4B0FD100288F19 /* Customer+GetCustomerMeResponse.swift */; };
/* End PBXBuildFile section */

/* Begin PBXFileReference section */
		CD0A20742A41C88500B01456 /* SecureFormField.swift */ = {isa = PBXFileReference; lastKnownFileType = sourcecode.swift; path = SecureFormField.swift; sourceTree = "<group>"; };
		CD0A20762A41EDE400B01456 /* Info.plist */ = {isa = PBXFileReference; lastKnownFileType = text.plist.xml; path = Info.plist; sourceTree = "<group>"; };
		CD0A20782A41EEEA00B01456 /* CreateAccountView.swift */ = {isa = PBXFileReference; lastKnownFileType = sourcecode.swift; path = CreateAccountView.swift; sourceTree = "<group>"; };
		CD0A207A2A4229E600B01456 /* TermsOfServiceView.swift */ = {isa = PBXFileReference; lastKnownFileType = sourcecode.swift; path = TermsOfServiceView.swift; sourceTree = "<group>"; };
		CD0A207F2A42319F00B01456 /* HomeView.swift */ = {isa = PBXFileReference; lastKnownFileType = sourcecode.swift; path = HomeView.swift; sourceTree = "<group>"; };
		CD0A20822A4231CB00B01456 /* HomeCarouselView.swift */ = {isa = PBXFileReference; lastKnownFileType = sourcecode.swift; path = HomeCarouselView.swift; sourceTree = "<group>"; };
		CD0A20852A42424500B01456 /* ProfilePageView.swift */ = {isa = PBXFileReference; lastKnownFileType = sourcecode.swift; path = ProfilePageView.swift; sourceTree = "<group>"; };
		CD0A20872A433D0200B01456 /* HomeHubContentView.swift */ = {isa = PBXFileReference; lastKnownFileType = sourcecode.swift; path = HomeHubContentView.swift; sourceTree = "<group>"; };
		CD0A20892A433FA600B01456 /* View+Extensions.swift */ = {isa = PBXFileReference; lastKnownFileType = sourcecode.swift; path = "View+Extensions.swift"; sourceTree = "<group>"; };
		CD0A208C2A4358FA00B01456 /* AccountPageView.swift */ = {isa = PBXFileReference; lastKnownFileType = sourcecode.swift; path = AccountPageView.swift; sourceTree = "<group>"; };
		CD0A208F2A4361EE00B01456 /* ForgotPasswordView.swift */ = {isa = PBXFileReference; lastKnownFileType = sourcecode.swift; path = ForgotPasswordView.swift; sourceTree = "<group>"; };
		CD0A20912A43864300B01456 /* Footer.swift */ = {isa = PBXFileReference; lastKnownFileType = sourcecode.swift; path = Footer.swift; sourceTree = "<group>"; };
		CD0A20942A44272600B01456 /* ManageCardsPageView.swift */ = {isa = PBXFileReference; lastKnownFileType = sourcecode.swift; path = ManageCardsPageView.swift; sourceTree = "<group>"; };
		CD0A20962A44273800B01456 /* CardSummaryCellView.swift */ = {isa = PBXFileReference; lastKnownFileType = sourcecode.swift; path = CardSummaryCellView.swift; sourceTree = "<group>"; };
		CD0A20992A4430AB00B01456 /* AddCardPageView.swift */ = {isa = PBXFileReference; lastKnownFileType = sourcecode.swift; path = AddCardPageView.swift; sourceTree = "<group>"; };
		CD0A209D2A443B4300B01456 /* MenuItemCell.swift */ = {isa = PBXFileReference; lastKnownFileType = sourcecode.swift; path = MenuItemCell.swift; sourceTree = "<group>"; };
		CD0A209F2A44895E00B01456 /* GlobalEnvironment.xcconfig */ = {isa = PBXFileReference; lastKnownFileType = text.xcconfig; path = GlobalEnvironment.xcconfig; sourceTree = "<group>"; };
		CD0A20A02A448B7000B01456 /* MockEnvironment.xcconfig */ = {isa = PBXFileReference; lastKnownFileType = text.xcconfig; path = MockEnvironment.xcconfig; sourceTree = "<group>"; };
		CD0A20A12A448B8B00B01456 /* DevelopmentEnvironment.xcconfig */ = {isa = PBXFileReference; lastKnownFileType = text.xcconfig; path = DevelopmentEnvironment.xcconfig; sourceTree = "<group>"; };
		CD0A20A22A448B9B00B01456 /* ProductionEnvironment.xcconfig */ = {isa = PBXFileReference; lastKnownFileType = text.xcconfig; path = ProductionEnvironment.xcconfig; sourceTree = "<group>"; };
		CD0A20A32A448BB200B01456 /* Client.xcconfig */ = {isa = PBXFileReference; lastKnownFileType = text.xcconfig; path = Client.xcconfig; sourceTree = "<group>"; };
		CD0A20A52A44997800B01456 /* AppState.swift */ = {isa = PBXFileReference; lastKnownFileType = sourcecode.swift; path = AppState.swift; sourceTree = "<group>"; };
		CD0A20A72A4499B500B01456 /* ThemeConfigurationState.swift */ = {isa = PBXFileReference; lastKnownFileType = sourcecode.swift; path = ThemeConfigurationState.swift; sourceTree = "<group>"; };
		CD2925FC2A40AC7400565D2A /* lbx-client.app */ = {isa = PBXFileReference; explicitFileType = wrapper.application; includeInIndex = 0; path = "lbx-client.app"; sourceTree = BUILT_PRODUCTS_DIR; };
		CD2925FF2A40AC7400565D2A /* lbx_clientApp.swift */ = {isa = PBXFileReference; lastKnownFileType = sourcecode.swift; path = lbx_clientApp.swift; sourceTree = "<group>"; };
		CD2926012A40AC7400565D2A /* ContentView.swift */ = {isa = PBXFileReference; lastKnownFileType = sourcecode.swift; path = ContentView.swift; sourceTree = "<group>"; };
		CD2926032A40AC7500565D2A /* Assets.xcassets */ = {isa = PBXFileReference; lastKnownFileType = folder.assetcatalog; path = Assets.xcassets; sourceTree = "<group>"; };
		CD2926062A40AC7500565D2A /* Preview Assets.xcassets */ = {isa = PBXFileReference; lastKnownFileType = folder.assetcatalog; path = "Preview Assets.xcassets"; sourceTree = "<group>"; };
		CD2926122A40AD0000565D2A /* WalkthroughNotificationView.swift */ = {isa = PBXFileReference; lastKnownFileType = sourcecode.swift; path = WalkthroughNotificationView.swift; sourceTree = "<group>"; };
		CD2926172A40ADA200565D2A /* Icons.swift */ = {isa = PBXFileReference; lastKnownFileType = sourcecode.swift; path = Icons.swift; sourceTree = "<group>"; };
		CD2926192A40AEA400565D2A /* Theme.swift */ = {isa = PBXFileReference; lastKnownFileType = sourcecode.swift; path = Theme.swift; sourceTree = "<group>"; };
		CD29261C2A40B0BF00565D2A /* AutoSizeText.swift */ = {isa = PBXFileReference; lastKnownFileType = sourcecode.swift; path = AutoSizeText.swift; sourceTree = "<group>"; };
		CD2926212A40B21800565D2A /* Localizable.strings */ = {isa = PBXFileReference; lastKnownFileType = text.plist.strings; path = Localizable.strings; sourceTree = "<group>"; };
		CD2926232A40B2DE00565D2A /* Typography.swift */ = {isa = PBXFileReference; lastKnownFileType = sourcecode.swift; path = Typography.swift; sourceTree = "<group>"; };
		CD2926252A40B42F00565D2A /* Body.ttf */ = {isa = PBXFileReference; lastKnownFileType = file; name = Body.ttf; path = "../../../../../../Desktop/Design-Work/Body.ttf"; sourceTree = "<group>"; };
		CD2926262A40B42F00565D2A /* Header.ttf */ = {isa = PBXFileReference; lastKnownFileType = file; name = Header.ttf; path = "../../../../../../Desktop/Design-Work/Header.ttf"; sourceTree = "<group>"; };
		CD2926272A40B43800565D2A /* Inter.ttf */ = {isa = PBXFileReference; lastKnownFileType = file; name = Inter.ttf; path = "../../../../../../Desktop/Design-Work/Inter.ttf"; sourceTree = "<group>"; };
		CD2926292A40B51F00565D2A /* Config.swift */ = {isa = PBXFileReference; lastKnownFileType = sourcecode.swift; path = Config.swift; sourceTree = "<group>"; };
		CD29262B2A40B6B800565D2A /* Colors.swift */ = {isa = PBXFileReference; lastKnownFileType = sourcecode.swift; path = Colors.swift; sourceTree = "<group>"; };
		CD29262E2A40BB9800565D2A /* ThemeConfiguration.swift */ = {isa = PBXFileReference; lastKnownFileType = sourcecode.swift; path = ThemeConfiguration.swift; sourceTree = "<group>"; };
		CD2926312A40C2FF00565D2A /* ButtonStyles.swift */ = {isa = PBXFileReference; lastKnownFileType = sourcecode.swift; path = ButtonStyles.swift; sourceTree = "<group>"; };
		CD2926342A40D48900565D2A /* SplashView.swift */ = {isa = PBXFileReference; lastKnownFileType = sourcecode.swift; path = SplashView.swift; sourceTree = "<group>"; };
		CD2926372A40D79500565D2A /* SignInView.swift */ = {isa = PBXFileReference; lastKnownFileType = sourcecode.swift; path = SignInView.swift; sourceTree = "<group>"; };
		CD2926392A40DE3C00565D2A /* FormField.swift */ = {isa = PBXFileReference; lastKnownFileType = sourcecode.swift; path = FormField.swift; sourceTree = "<group>"; };
		CD29263E2A40EA6C00565D2A /* String+Extensions.swift */ = {isa = PBXFileReference; lastKnownFileType = sourcecode.swift; path = "String+Extensions.swift"; sourceTree = "<group>"; };
		CD5C8ABB2A46074400EAFAB7 /* SignInViewModel.swift */ = {isa = PBXFileReference; lastKnownFileType = sourcecode.swift; path = SignInViewModel.swift; sourceTree = "<group>"; };
		CD5C8ABD2A46075100EAFAB7 /* SignInModel.swift */ = {isa = PBXFileReference; lastKnownFileType = sourcecode.swift; path = SignInModel.swift; sourceTree = "<group>"; };
		CD5C8AC02A4607E300EAFAB7 /* ModelProtocol.swift */ = {isa = PBXFileReference; lastKnownFileType = sourcecode.swift; path = ModelProtocol.swift; sourceTree = "<group>"; };
		CD5C8AC32A46082500EAFAB7 /* ValidationForm.swift */ = {isa = PBXFileReference; lastKnownFileType = sourcecode.swift; path = ValidationForm.swift; sourceTree = "<group>"; };
		CD5C8AC52A46084200EAFAB7 /* Validator.swift */ = {isa = PBXFileReference; lastKnownFileType = sourcecode.swift; path = Validator.swift; sourceTree = "<group>"; };
		CD5C8AC82A4608EC00EAFAB7 /* ValidationType.swift */ = {isa = PBXFileReference; lastKnownFileType = sourcecode.swift; path = ValidationType.swift; sourceTree = "<group>"; };
		CD5C8ACA2A46090100EAFAB7 /* ValidationOption.swift */ = {isa = PBXFileReference; lastKnownFileType = sourcecode.swift; path = ValidationOption.swift; sourceTree = "<group>"; };
		CD5C8ACC2A46091400EAFAB7 /* ValidatorOptions.swift */ = {isa = PBXFileReference; lastKnownFileType = sourcecode.swift; path = ValidatorOptions.swift; sourceTree = "<group>"; };
		CD5C8ACF2A46136500EAFAB7 /* EmptyValidator.swift */ = {isa = PBXFileReference; lastKnownFileType = sourcecode.swift; path = EmptyValidator.swift; sourceTree = "<group>"; };
		CD5C8AD12A461E4600EAFAB7 /* ViewModelProtocol.swift */ = {isa = PBXFileReference; lastKnownFileType = sourcecode.swift; path = ViewModelProtocol.swift; sourceTree = "<group>"; };
		CD6643882A49B8F400288F19 /* DependencyContainer.swift */ = {isa = PBXFileReference; lastKnownFileType = sourcecode.swift; path = DependencyContainer.swift; sourceTree = "<group>"; };
		CD66438B2A49BA6400288F19 /* Tasks.swift */ = {isa = PBXFileReference; lastKnownFileType = sourcecode.swift; path = Tasks.swift; sourceTree = "<group>"; };
		CD66438E2A49BA9F00288F19 /* Repositories.swift */ = {isa = PBXFileReference; lastKnownFileType = sourcecode.swift; path = Repositories.swift; sourceTree = "<group>"; };
		CD6643902A49BB4400288F19 /* Repository.swift */ = {isa = PBXFileReference; lastKnownFileType = sourcecode.swift; path = Repository.swift; sourceTree = "<group>"; };
		CD6643942A49BBDB00288F19 /* Task.swift */ = {isa = PBXFileReference; lastKnownFileType = sourcecode.swift; path = Task.swift; sourceTree = "<group>"; };
		CD6643972A49BC7600288F19 /* ThemeConfigurationStore.swift */ = {isa = PBXFileReference; lastKnownFileType = sourcecode.swift; path = ThemeConfigurationStore.swift; sourceTree = "<group>"; };
		CD66439A2A49BF0E00288F19 /* SessionStore.swift */ = {isa = PBXFileReference; lastKnownFileType = sourcecode.swift; path = SessionStore.swift; sourceTree = "<group>"; };
		CD66439C2A49C23000288F19 /* KeyStore.swift */ = {isa = PBXFileReference; lastKnownFileType = sourcecode.swift; path = KeyStore.swift; sourceTree = "<group>"; };
		CD6643A02A49C59800288F19 /* DisplayAlertMessageTask.swift */ = {isa = PBXFileReference; lastKnownFileType = sourcecode.swift; path = DisplayAlertMessageTask.swift; sourceTree = "<group>"; };
		CD6643A22A49C61700288F19 /* DisplayAlertMessageTaskModel.swift */ = {isa = PBXFileReference; lastKnownFileType = sourcecode.swift; path = DisplayAlertMessageTaskModel.swift; sourceTree = "<group>"; };
		CD6643A52A49C74200288F19 /* AlertMessage.swift */ = {isa = PBXFileReference; lastKnownFileType = sourcecode.swift; path = AlertMessage.swift; sourceTree = "<group>"; };
		CD6643A72A49C74C00288F19 /* AlertStyle.swift */ = {isa = PBXFileReference; lastKnownFileType = sourcecode.swift; path = AlertStyle.swift; sourceTree = "<group>"; };
		CD6643A92A49C92A00288F19 /* AlertRepository.swift */ = {isa = PBXFileReference; lastKnownFileType = sourcecode.swift; path = AlertRepository.swift; sourceTree = "<group>"; };
		CD6643AB2A49CC3D00288F19 /* AlertStore.swift */ = {isa = PBXFileReference; lastKnownFileType = sourcecode.swift; path = AlertStore.swift; sourceTree = "<group>"; };
		CD6643AD2A49CD1900288F19 /* DefaultKeyStore.swift */ = {isa = PBXFileReference; lastKnownFileType = sourcecode.swift; path = DefaultKeyStore.swift; sourceTree = "<group>"; };
		CD6643B12A49D90B00288F19 /* SignInTask.swift */ = {isa = PBXFileReference; lastKnownFileType = sourcecode.swift; path = SignInTask.swift; sourceTree = "<group>"; };
		CD6643B32A49D9C600288F19 /* SignInTaskModel.swift */ = {isa = PBXFileReference; lastKnownFileType = sourcecode.swift; path = SignInTaskModel.swift; sourceTree = "<group>"; };
		CD6643BA2A49DA5900288F19 /* PostSignInRequest.swift */ = {isa = PBXFileReference; lastKnownFileType = sourcecode.swift; path = PostSignInRequest.swift; sourceTree = "<group>"; };
		CD6643BC2A49DB2F00288F19 /* PostSignInPayload.swift */ = {isa = PBXFileReference; lastKnownFileType = sourcecode.swift; path = PostSignInPayload.swift; sourceTree = "<group>"; };
		CD6643BE2A49DB3800288F19 /* PostSignInResponse.swift */ = {isa = PBXFileReference; lastKnownFileType = sourcecode.swift; path = PostSignInResponse.swift; sourceTree = "<group>"; };
		CD6643C22A49DCA300288F19 /* HTTPRequest.swift */ = {isa = PBXFileReference; lastKnownFileType = sourcecode.swift; path = HTTPRequest.swift; sourceTree = "<group>"; };
		CD6643C42A49DD7B00288F19 /* HTTPMethod.swift */ = {isa = PBXFileReference; lastKnownFileType = sourcecode.swift; path = HTTPMethod.swift; sourceTree = "<group>"; };
		CD6643C72A49DDB400288F19 /* HTTPEndpoint.swift */ = {isa = PBXFileReference; lastKnownFileType = sourcecode.swift; path = HTTPEndpoint.swift; sourceTree = "<group>"; };
		CD6643C92A49DE6200288F19 /* NovadineEndpoint.swift */ = {isa = PBXFileReference; lastKnownFileType = sourcecode.swift; path = NovadineEndpoint.swift; sourceTree = "<group>"; };
		CD6643CB2A49E50E00288F19 /* CustomerRespository.swift */ = {isa = PBXFileReference; lastKnownFileType = sourcecode.swift; path = CustomerRespository.swift; sourceTree = "<group>"; };
		CD6643CE2A49E5CC00288F19 /* HTTPClient.swift */ = {isa = PBXFileReference; lastKnownFileType = sourcecode.swift; path = HTTPClient.swift; sourceTree = "<group>"; };
		CD6643D12A4A141300288F19 /* HTTPMessageContextual.swift */ = {isa = PBXFileReference; lastKnownFileType = sourcecode.swift; path = HTTPMessageContextual.swift; sourceTree = "<group>"; };
		CD6643D42A4A14A300288F19 /* URLScheme.swift */ = {isa = PBXFileReference; lastKnownFileType = sourcecode.swift; path = URLScheme.swift; sourceTree = "<group>"; };
		CD6643D62A4A161000288F19 /* HTTPClientEncoder.swift */ = {isa = PBXFileReference; lastKnownFileType = sourcecode.swift; path = HTTPClientEncoder.swift; sourceTree = "<group>"; };
		CD6643D82A4A16A600288F19 /* HTTPClientDecoder.swift */ = {isa = PBXFileReference; lastKnownFileType = sourcecode.swift; path = HTTPClientDecoder.swift; sourceTree = "<group>"; };
		CD6643DA2A4A170700288F19 /* HTTPRequestQueryItems.swift */ = {isa = PBXFileReference; lastKnownFileType = sourcecode.swift; path = HTTPRequestQueryItems.swift; sourceTree = "<group>"; };
		CD6643DC2A4A177200288F19 /* HTTPClient+Error.swift */ = {isa = PBXFileReference; lastKnownFileType = sourcecode.swift; path = "HTTPClient+Error.swift"; sourceTree = "<group>"; };
		CD6643DE2A4A1B5B00288F19 /* HTTPErrorValidationResponse.swift */ = {isa = PBXFileReference; lastKnownFileType = sourcecode.swift; path = HTTPErrorValidationResponse.swift; sourceTree = "<group>"; };
		CD6643E02A4A1BE200288F19 /* HTTPErrorMessageResponse.swift */ = {isa = PBXFileReference; lastKnownFileType = sourcecode.swift; path = HTTPErrorMessageResponse.swift; sourceTree = "<group>"; };
		CD6643E22A4A1E4900288F19 /* URLRequest+Extensions.swift */ = {isa = PBXFileReference; lastKnownFileType = sourcecode.swift; path = "URLRequest+Extensions.swift"; sourceTree = "<group>"; };
		CD6643E42A4A203F00288F19 /* HTTPRequestHeaders.swift */ = {isa = PBXFileReference; lastKnownFileType = sourcecode.swift; path = HTTPRequestHeaders.swift; sourceTree = "<group>"; };
		CD6643E72A4A226A00288F19 /* CustomerAuthTokenTask.swift */ = {isa = PBXFileReference; lastKnownFileType = sourcecode.swift; path = CustomerAuthTokenTask.swift; sourceTree = "<group>"; };
		CD6643EA2A4A241200288F19 /* Customer.swift */ = {isa = PBXFileReference; lastKnownFileType = sourcecode.swift; path = Customer.swift; sourceTree = "<group>"; };
		CD6643EC2A4A254100288F19 /* PhoneService.swift */ = {isa = PBXFileReference; lastKnownFileType = sourcecode.swift; path = PhoneService.swift; sourceTree = "<group>"; };
		CD6643EE2A4A276B00288F19 /* Int+Extensions.swift */ = {isa = PBXFileReference; lastKnownFileType = sourcecode.swift; path = "Int+Extensions.swift"; sourceTree = "<group>"; };
		CD6643F02A4A281A00288F19 /* SessionTokenTask.swift */ = {isa = PBXFileReference; lastKnownFileType = sourcecode.swift; path = SessionTokenTask.swift; sourceTree = "<group>"; };
		CD6643F32A4A2CE500288F19 /* GetCustomerMeTask.swift */ = {isa = PBXFileReference; lastKnownFileType = sourcecode.swift; path = GetCustomerMeTask.swift; sourceTree = "<group>"; };
		CD6643F52A4B064E00288F19 /* GetCustomerMeRequest.swift */ = {isa = PBXFileReference; lastKnownFileType = sourcecode.swift; path = GetCustomerMeRequest.swift; sourceTree = "<group>"; };
		CD6643F72A4B06DC00288F19 /* GetCustomerMePayload.swift */ = {isa = PBXFileReference; lastKnownFileType = sourcecode.swift; path = GetCustomerMePayload.swift; sourceTree = "<group>"; };
		CD6643F92A4B070200288F19 /* GetCustomerMeResponse.swift */ = {isa = PBXFileReference; lastKnownFileType = sourcecode.swift; path = GetCustomerMeResponse.swift; sourceTree = "<group>"; };
		CD6643FB2A4B0FD100288F19 /* Customer+GetCustomerMeResponse.swift */ = {isa = PBXFileReference; lastKnownFileType = sourcecode.swift; path = "Customer+GetCustomerMeResponse.swift"; sourceTree = "<group>"; };
/* End PBXFileReference section */

/* Begin PBXFrameworksBuildPhase section */
		CD2925F92A40AC7400565D2A /* Frameworks */ = {
			isa = PBXFrameworksBuildPhase;
			buildActionMask = 2147483647;
			files = (
			);
			runOnlyForDeploymentPostprocessing = 0;
		};
/* End PBXFrameworksBuildPhase section */

/* Begin PBXGroup section */
		CD0A20772A41EEDC00B01456 /* CreateAccount */ = {
			isa = PBXGroup;
			children = (
				CD0A20782A41EEEA00B01456 /* CreateAccountView.swift */,
			);
			path = CreateAccount;
			sourceTree = "<group>";
		};
		CD0A207C2A42317200B01456 /* Home */ = {
			isa = PBXGroup;
			children = (
				CD0A207F2A42319F00B01456 /* HomeView.swift */,
				CD0A20812A4231BD00B01456 /* HomeCarousel */,
				CD0A207E2A42318C00B01456 /* HomeHubContent */,
				CD0A207D2A42318000B01456 /* HomeLastOrder */,
			);
			path = Home;
			sourceTree = "<group>";
		};
		CD0A207D2A42318000B01456 /* HomeLastOrder */ = {
			isa = PBXGroup;
			children = (
			);
			path = HomeLastOrder;
			sourceTree = "<group>";
		};
		CD0A207E2A42318C00B01456 /* HomeHubContent */ = {
			isa = PBXGroup;
			children = (
				CD0A20872A433D0200B01456 /* HomeHubContentView.swift */,
			);
			path = HomeHubContent;
			sourceTree = "<group>";
		};
		CD0A20812A4231BD00B01456 /* HomeCarousel */ = {
			isa = PBXGroup;
			children = (
				CD0A20822A4231CB00B01456 /* HomeCarouselView.swift */,
			);
			path = HomeCarousel;
			sourceTree = "<group>";
		};
		CD0A20842A42423700B01456 /* Profile */ = {
			isa = PBXGroup;
			children = (
				CD0A20852A42424500B01456 /* ProfilePageView.swift */,
			);
			path = Profile;
			sourceTree = "<group>";
		};
		CD0A208B2A4358EC00B01456 /* Account */ = {
			isa = PBXGroup;
			children = (
				CD0A208C2A4358FA00B01456 /* AccountPageView.swift */,
			);
			path = Account;
			sourceTree = "<group>";
		};
		CD0A208E2A4361E100B01456 /* ForgotPassword */ = {
			isa = PBXGroup;
			children = (
				CD0A208F2A4361EE00B01456 /* ForgotPasswordView.swift */,
			);
			path = ForgotPassword;
			sourceTree = "<group>";
		};
		CD0A20932A44271600B01456 /* Manage Cards */ = {
			isa = PBXGroup;
			children = (
				CD0A20982A44309F00B01456 /* Add Card */,
				CD0A20942A44272600B01456 /* ManageCardsPageView.swift */,
				CD0A20962A44273800B01456 /* CardSummaryCellView.swift */,
			);
			path = "Manage Cards";
			sourceTree = "<group>";
		};
		CD0A20982A44309F00B01456 /* Add Card */ = {
			isa = PBXGroup;
			children = (
				CD0A20992A4430AB00B01456 /* AddCardPageView.swift */,
			);
			path = "Add Card";
			sourceTree = "<group>";
		};
		CD0A209B2A443B2200B01456 /* Menu */ = {
			isa = PBXGroup;
			children = (
				CD0A209C2A443B2900B01456 /* MenuCategoryView */,
				CD0A209D2A443B4300B01456 /* MenuItemCell.swift */,
			);
			path = Menu;
			sourceTree = "<group>";
		};
		CD0A209C2A443B2900B01456 /* MenuCategoryView */ = {
			isa = PBXGroup;
			children = (
			);
			path = MenuCategoryView;
			sourceTree = "<group>";
		};
		CD0A20A42A44996500B01456 /* AppState */ = {
			isa = PBXGroup;
			children = (
				CD0A20A52A44997800B01456 /* AppState.swift */,
				CD0A20A72A4499B500B01456 /* ThemeConfigurationState.swift */,
			);
			path = AppState;
			sourceTree = "<group>";
		};
		CD2925F32A40AC7400565D2A = {
			isa = PBXGroup;
			children = (
				CD2926142A40AD7900565D2A /* lbx-ui */,
				CD2925FE2A40AC7400565D2A /* lbx-client */,
				CD2925FD2A40AC7400565D2A /* Products */,
			);
			sourceTree = "<group>";
		};
		CD2925FD2A40AC7400565D2A /* Products */ = {
			isa = PBXGroup;
			children = (
				CD2925FC2A40AC7400565D2A /* lbx-client.app */,
			);
			name = Products;
			sourceTree = "<group>";
		};
		CD2925FE2A40AC7400565D2A /* lbx-client */ = {
			isa = PBXGroup;
			children = (
				CD6643B52A49DA3400288F19 /* Network */,
				CD5C8ABF2A4607D700EAFAB7 /* MVVM */,
				CD0A209B2A443B2200B01456 /* Menu */,
				CD0A20932A44271600B01456 /* Manage Cards */,
				CD0A208E2A4361E100B01456 /* ForgotPassword */,
				CD0A208B2A4358EC00B01456 /* Account */,
				CD0A20842A42423700B01456 /* Profile */,
				CD0A207C2A42317200B01456 /* Home */,
				CD0A20772A41EEDC00B01456 /* CreateAccount */,
				CD29263B2A40EA3F00565D2A /* System */,
				CD2926362A40D74400565D2A /* SignIn */,
				CD2926332A40D31F00565D2A /* Splash */,
				CD29262D2A40BB8400565D2A /* Models */,
				CD2926282A40B51300565D2A /* Config */,
				CD29260D2A40AC9200565D2A /* Walkthrough */,
				CD2925FF2A40AC7400565D2A /* lbx_clientApp.swift */,
				CD2926012A40AC7400565D2A /* ContentView.swift */,
				CD2926032A40AC7500565D2A /* Assets.xcassets */,
				CD2926052A40AC7500565D2A /* Preview Content */,
			);
			path = "lbx-client";
			sourceTree = "<group>";
		};
		CD2926052A40AC7500565D2A /* Preview Content */ = {
			isa = PBXGroup;
			children = (
				CD2926062A40AC7500565D2A /* Preview Assets.xcassets */,
			);
			path = "Preview Content";
			sourceTree = "<group>";
		};
		CD29260D2A40AC9200565D2A /* Walkthrough */ = {
			isa = PBXGroup;
			children = (
				CD29260E2A40ACB100565D2A /* WalkthroughNotification */,
			);
			path = Walkthrough;
			sourceTree = "<group>";
		};
		CD29260E2A40ACB100565D2A /* WalkthroughNotification */ = {
			isa = PBXGroup;
			children = (
				CD2926122A40AD0000565D2A /* WalkthroughNotificationView.swift */,
			);
			path = WalkthroughNotification;
			sourceTree = "<group>";
		};
		CD2926142A40AD7900565D2A /* lbx-ui */ = {
			isa = PBXGroup;
			children = (
				CD2926302A40C2EF00565D2A /* Atoms */,
				CD29261E2A40B1D400565D2A /* Resources */,
				CD29261B2A40B0AD00565D2A /* Molecules */,
				CD2926152A40AD8B00565D2A /* Tokens */,
				CD2926192A40AEA400565D2A /* Theme.swift */,
			);
			path = "lbx-ui";
			sourceTree = "<group>";
		};
		CD2926152A40AD8B00565D2A /* Tokens */ = {
			isa = PBXGroup;
			children = (
				CD2926172A40ADA200565D2A /* Icons.swift */,
				CD2926232A40B2DE00565D2A /* Typography.swift */,
				CD29262B2A40B6B800565D2A /* Colors.swift */,
			);
			path = Tokens;
			sourceTree = "<group>";
		};
		CD29261B2A40B0AD00565D2A /* Molecules */ = {
			isa = PBXGroup;
			children = (
				CD29261C2A40B0BF00565D2A /* AutoSizeText.swift */,
				CD2926392A40DE3C00565D2A /* FormField.swift */,
				CD0A20742A41C88500B01456 /* SecureFormField.swift */,
				CD0A207A2A4229E600B01456 /* TermsOfServiceView.swift */,
			);
			path = Molecules;
			sourceTree = "<group>";
		};
		CD29261E2A40B1D400565D2A /* Resources */ = {
			isa = PBXGroup;
			children = (
				CD2926272A40B43800565D2A /* Inter.ttf */,
				CD2926252A40B42F00565D2A /* Body.ttf */,
				CD2926262A40B42F00565D2A /* Header.ttf */,
				CD2926212A40B21800565D2A /* Localizable.strings */,
			);
			path = Resources;
			sourceTree = "<group>";
		};
		CD2926282A40B51300565D2A /* Config */ = {
			isa = PBXGroup;
			children = (
				CD0A20762A41EDE400B01456 /* Info.plist */,
				CD2926292A40B51F00565D2A /* Config.swift */,
				CD0A209F2A44895E00B01456 /* GlobalEnvironment.xcconfig */,
				CD0A20A02A448B7000B01456 /* MockEnvironment.xcconfig */,
				CD0A20A12A448B8B00B01456 /* DevelopmentEnvironment.xcconfig */,
				CD0A20A22A448B9B00B01456 /* ProductionEnvironment.xcconfig */,
				CD0A20A32A448BB200B01456 /* Client.xcconfig */,
			);
			path = Config;
			sourceTree = "<group>";
		};
		CD29262D2A40BB8400565D2A /* Models */ = {
			isa = PBXGroup;
			children = (
				CD6643E92A4A240800288F19 /* Customer */,
				CD6643A42A49C73100288F19 /* Alert */,
				CD29262E2A40BB9800565D2A /* ThemeConfiguration.swift */,
			);
			path = Models;
			sourceTree = "<group>";
		};
		CD2926302A40C2EF00565D2A /* Atoms */ = {
			isa = PBXGroup;
			children = (
				CD2926312A40C2FF00565D2A /* ButtonStyles.swift */,
				CD0A20912A43864300B01456 /* Footer.swift */,
			);
			path = Atoms;
			sourceTree = "<group>";
		};
		CD2926332A40D31F00565D2A /* Splash */ = {
			isa = PBXGroup;
			children = (
				CD2926342A40D48900565D2A /* SplashView.swift */,
			);
			path = Splash;
			sourceTree = "<group>";
		};
		CD2926362A40D74400565D2A /* SignIn */ = {
			isa = PBXGroup;
			children = (
				CD2926372A40D79500565D2A /* SignInView.swift */,
				CD5C8ABB2A46074400EAFAB7 /* SignInViewModel.swift */,
				CD5C8ABD2A46075100EAFAB7 /* SignInModel.swift */,
			);
			path = SignIn;
			sourceTree = "<group>";
		};
		CD29263B2A40EA3F00565D2A /* System */ = {
			isa = PBXGroup;
			children = (
				CD6643992A49BEE100288F19 /* New Group */,
				CD6643962A49BC6900288F19 /* Stores */,
				CD66438D2A49BA9100288F19 /* Repositories */,
				CD66438A2A49BA5800288F19 /* Tasks */,
				CD5C8AC22A46081300EAFAB7 /* Validator */,
				CD0A20A42A44996500B01456 /* AppState */,
				CD29263C2A40EA4A00565D2A /* Extensions */,
				CD6643882A49B8F400288F19 /* DependencyContainer.swift */,
				CD6643EC2A4A254100288F19 /* PhoneService.swift */,
			);
			path = System;
			sourceTree = "<group>";
		};
		CD29263C2A40EA4A00565D2A /* Extensions */ = {
			isa = PBXGroup;
			children = (
				CD29263E2A40EA6C00565D2A /* String+Extensions.swift */,
				CD0A20892A433FA600B01456 /* View+Extensions.swift */,
				CD6643E22A4A1E4900288F19 /* URLRequest+Extensions.swift */,
				CD6643EE2A4A276B00288F19 /* Int+Extensions.swift */,
			);
			path = Extensions;
			sourceTree = "<group>";
		};
		CD5C8ABF2A4607D700EAFAB7 /* MVVM */ = {
			isa = PBXGroup;
			children = (
				CD5C8AC02A4607E300EAFAB7 /* ModelProtocol.swift */,
				CD5C8AD12A461E4600EAFAB7 /* ViewModelProtocol.swift */,
			);
			path = MVVM;
			sourceTree = "<group>";
		};
		CD5C8AC22A46081300EAFAB7 /* Validator */ = {
			isa = PBXGroup;
			children = (
				CD5C8ACE2A460FEE00EAFAB7 /* Validators */,
				CD5C8AC72A4608D700EAFAB7 /* ValidatorOptions */,
				CD5C8AC32A46082500EAFAB7 /* ValidationForm.swift */,
				CD5C8AC52A46084200EAFAB7 /* Validator.swift */,
			);
			path = Validator;
			sourceTree = "<group>";
		};
		CD5C8AC72A4608D700EAFAB7 /* ValidatorOptions */ = {
			isa = PBXGroup;
			children = (
				CD5C8AC82A4608EC00EAFAB7 /* ValidationType.swift */,
				CD5C8ACA2A46090100EAFAB7 /* ValidationOption.swift */,
				CD5C8ACC2A46091400EAFAB7 /* ValidatorOptions.swift */,
			);
			path = ValidatorOptions;
			sourceTree = "<group>";
		};
		CD5C8ACE2A460FEE00EAFAB7 /* Validators */ = {
			isa = PBXGroup;
			children = (
				CD5C8ACF2A46136500EAFAB7 /* EmptyValidator.swift */,
			);
			path = Validators;
			sourceTree = "<group>";
		};
		CD66438A2A49BA5800288F19 /* Tasks */ = {
			isa = PBXGroup;
			children = (
				CD6643AF2A49D8F700288F19 /* Customer */,
				CD66439E2A49C58000288F19 /* Alert */,
				CD66438B2A49BA6400288F19 /* Tasks.swift */,
				CD6643942A49BBDB00288F19 /* Task.swift */,
			);
			path = Tasks;
			sourceTree = "<group>";
		};
		CD66438D2A49BA9100288F19 /* Repositories */ = {
			isa = PBXGroup;
			children = (
				CD66438E2A49BA9F00288F19 /* Repositories.swift */,
				CD6643902A49BB4400288F19 /* Repository.swift */,
				CD6643A92A49C92A00288F19 /* AlertRepository.swift */,
				CD6643CB2A49E50E00288F19 /* CustomerRespository.swift */,
			);
			path = Repositories;
			sourceTree = "<group>";
		};
		CD6643962A49BC6900288F19 /* Stores */ = {
			isa = PBXGroup;
			children = (
				CD6643972A49BC7600288F19 /* ThemeConfigurationStore.swift */,
				CD66439A2A49BF0E00288F19 /* SessionStore.swift */,
				CD66439C2A49C23000288F19 /* KeyStore.swift */,
				CD6643AB2A49CC3D00288F19 /* AlertStore.swift */,
				CD6643AD2A49CD1900288F19 /* DefaultKeyStore.swift */,
			);
			path = Stores;
			sourceTree = "<group>";
		};
		CD6643992A49BEE100288F19 /* New Group */ = {
			isa = PBXGroup;
			children = (
			);
			path = "New Group";
			sourceTree = "<group>";
		};
		CD66439E2A49C58000288F19 /* Alert */ = {
			isa = PBXGroup;
			children = (
				CD66439F2A49C58800288F19 /* DisplayAlertMessage */,
			);
			path = Alert;
			sourceTree = "<group>";
		};
		CD66439F2A49C58800288F19 /* DisplayAlertMessage */ = {
			isa = PBXGroup;
			children = (
				CD6643A02A49C59800288F19 /* DisplayAlertMessageTask.swift */,
				CD6643A22A49C61700288F19 /* DisplayAlertMessageTaskModel.swift */,
			);
			path = DisplayAlertMessage;
			sourceTree = "<group>";
		};
		CD6643A42A49C73100288F19 /* Alert */ = {
			isa = PBXGroup;
			children = (
				CD6643A52A49C74200288F19 /* AlertMessage.swift */,
				CD6643A72A49C74C00288F19 /* AlertStyle.swift */,
			);
			path = Alert;
			sourceTree = "<group>";
		};
		CD6643AF2A49D8F700288F19 /* Customer */ = {
			isa = PBXGroup;
			children = (
				CD6643F22A4A2CD700288F19 /* GetCustomerMe */,
				CD6643E62A4A224400288F19 /* customerAuthToken */,
				CD6643B02A49D8FD00288F19 /* SignIn */,
			);
			path = Customer;
			sourceTree = "<group>";
		};
		CD6643B02A49D8FD00288F19 /* SignIn */ = {
			isa = PBXGroup;
			children = (
				CD6643B12A49D90B00288F19 /* SignInTask.swift */,
				CD6643B32A49D9C600288F19 /* SignInTaskModel.swift */,
			);
			path = SignIn;
			sourceTree = "<group>";
		};
		CD6643B52A49DA3400288F19 /* Network */ = {
			isa = PBXGroup;
			children = (
				CD6643C02A49DC7400288F19 /* HTTP */,
				CD6643B62A49DA3C00288F19 /* Requests */,
			);
			path = Network;
			sourceTree = "<group>";
		};
		CD6643B62A49DA3C00288F19 /* Requests */ = {
			isa = PBXGroup;
			children = (
				CD6643B72A49DA4200288F19 /* BFF */,
			);
			path = Requests;
			sourceTree = "<group>";
		};
		CD6643B72A49DA4200288F19 /* BFF */ = {
			isa = PBXGroup;
			children = (
				CD6643B82A49DA4700288F19 /* Customer */,
			);
			path = BFF;
			sourceTree = "<group>";
		};
		CD6643B82A49DA4700288F19 /* Customer */ = {
			isa = PBXGroup;
			children = (
				CD6643B92A49DA4D00288F19 /* PostSignIn */,
			);
			path = Customer;
			sourceTree = "<group>";
		};
		CD6643B92A49DA4D00288F19 /* PostSignIn */ = {
			isa = PBXGroup;
			children = (
				CD6643BA2A49DA5900288F19 /* PostSignInRequest.swift */,
				CD6643BC2A49DB2F00288F19 /* PostSignInPayload.swift */,
				CD6643BE2A49DB3800288F19 /* PostSignInResponse.swift */,
			);
			path = PostSignIn;
			sourceTree = "<group>";
		};
		CD6643C02A49DC7400288F19 /* HTTP */ = {
			isa = PBXGroup;
			children = (
				CD6643CD2A49E5C100288F19 /* HTTPClient */,
				CD6643C12A49DC9500288F19 /* HTTPRequest */,
			);
			path = HTTP;
			sourceTree = "<group>";
		};
		CD6643C12A49DC9500288F19 /* HTTPRequest */ = {
			isa = PBXGroup;
			children = (
				CD6643C62A49DDA500288F19 /* HTTPEndpoint */,
				CD6643C22A49DCA300288F19 /* HTTPRequest.swift */,
				CD6643C42A49DD7B00288F19 /* HTTPMethod.swift */,
				CD6643DA2A4A170700288F19 /* HTTPRequestQueryItems.swift */,
				CD6643E42A4A203F00288F19 /* HTTPRequestHeaders.swift */,
			);
			path = HTTPRequest;
			sourceTree = "<group>";
		};
		CD6643C62A49DDA500288F19 /* HTTPEndpoint */ = {
			isa = PBXGroup;
			children = (
				CD6643C72A49DDB400288F19 /* HTTPEndpoint.swift */,
				CD6643C92A49DE6200288F19 /* NovadineEndpoint.swift */,
			);
			path = HTTPEndpoint;
			sourceTree = "<group>";
		};
		CD6643CD2A49E5C100288F19 /* HTTPClient */ = {
			isa = PBXGroup;
			children = (
				CD6643D32A4A149100288F19 /* MessageContext */,
				CD6643CE2A49E5CC00288F19 /* HTTPClient.swift */,
				CD6643D62A4A161000288F19 /* HTTPClientEncoder.swift */,
				CD6643D82A4A16A600288F19 /* HTTPClientDecoder.swift */,
				CD6643DC2A4A177200288F19 /* HTTPClient+Error.swift */,
				CD6643DE2A4A1B5B00288F19 /* HTTPErrorValidationResponse.swift */,
				CD6643E02A4A1BE200288F19 /* HTTPErrorMessageResponse.swift */,
			);
			path = HTTPClient;
			sourceTree = "<group>";
		};
		CD6643D02A4A13ED00288F19 /* HTTPMessageContextual */ = {
			isa = PBXGroup;
			children = (
				CD6643D12A4A141300288F19 /* HTTPMessageContextual.swift */,
			);
			path = HTTPMessageContextual;
			sourceTree = "<group>";
		};
		CD6643D32A4A149100288F19 /* MessageContext */ = {
			isa = PBXGroup;
			children = (
				CD6643D02A4A13ED00288F19 /* HTTPMessageContextual */,
				CD6643D42A4A14A300288F19 /* URLScheme.swift */,
			);
			path = MessageContext;
			sourceTree = "<group>";
		};
		CD6643E62A4A224400288F19 /* customerAuthToken */ = {
			isa = PBXGroup;
			children = (
				CD6643E72A4A226A00288F19 /* CustomerAuthTokenTask.swift */,
				CD6643F02A4A281A00288F19 /* SessionTokenTask.swift */,
			);
			path = customerAuthToken;
			sourceTree = "<group>";
		};
		CD6643E92A4A240800288F19 /* Customer */ = {
			isa = PBXGroup;
			children = (
				CD6643EA2A4A241200288F19 /* Customer.swift */,
				CD6643FB2A4B0FD100288F19 /* Customer+GetCustomerMeResponse.swift */,
			);
			path = Customer;
			sourceTree = "<group>";
		};
		CD6643F22A4A2CD700288F19 /* GetCustomerMe */ = {
			isa = PBXGroup;
			children = (
				CD6643F32A4A2CE500288F19 /* GetCustomerMeTask.swift */,
				CD6643F52A4B064E00288F19 /* GetCustomerMeRequest.swift */,
				CD6643F72A4B06DC00288F19 /* GetCustomerMePayload.swift */,
				CD6643F92A4B070200288F19 /* GetCustomerMeResponse.swift */,
			);
			path = GetCustomerMe;
			sourceTree = "<group>";
		};
/* End PBXGroup section */

/* Begin PBXNativeTarget section */
		CD2925FB2A40AC7400565D2A /* lbx-client */ = {
			isa = PBXNativeTarget;
			buildConfigurationList = CD29260A2A40AC7500565D2A /* Build configuration list for PBXNativeTarget "lbx-client" */;
			buildPhases = (
				CD2925F82A40AC7400565D2A /* Sources */,
				CD2925F92A40AC7400565D2A /* Frameworks */,
				CD2925FA2A40AC7400565D2A /* Resources */,
			);
			buildRules = (
			);
			dependencies = (
			);
			name = "lbx-client";
			productName = "lbx-client";
			productReference = CD2925FC2A40AC7400565D2A /* lbx-client.app */;
			productType = "com.apple.product-type.application";
		};
/* End PBXNativeTarget section */

/* Begin PBXProject section */
		CD2925F42A40AC7400565D2A /* Project object */ = {
			isa = PBXProject;
			attributes = {
				BuildIndependentTargetsInParallel = 1;
				LastSwiftUpdateCheck = 1420;
				LastUpgradeCheck = 1420;
				TargetAttributes = {
					CD2925FB2A40AC7400565D2A = {
						CreatedOnToolsVersion = 14.2;
					};
				};
			};
			buildConfigurationList = CD2925F72A40AC7400565D2A /* Build configuration list for PBXProject "lbx-client" */;
			compatibilityVersion = "Xcode 14.0";
			developmentRegion = en;
			hasScannedForEncodings = 0;
			knownRegions = (
				en,
				Base,
			);
			mainGroup = CD2925F32A40AC7400565D2A;
			productRefGroup = CD2925FD2A40AC7400565D2A /* Products */;
			projectDirPath = "";
			projectRoot = "";
			targets = (
				CD2925FB2A40AC7400565D2A /* lbx-client */,
			);
		};
/* End PBXProject section */

/* Begin PBXResourcesBuildPhase section */
		CD2925FA2A40AC7400565D2A /* Resources */ = {
			isa = PBXResourcesBuildPhase;
			buildActionMask = 2147483647;
			files = (
				CD2926072A40AC7500565D2A /* Preview Assets.xcassets in Resources */,
				CD2926222A40B21800565D2A /* Localizable.strings in Resources */,
				CD2926042A40AC7500565D2A /* Assets.xcassets in Resources */,
			);
			runOnlyForDeploymentPostprocessing = 0;
		};
/* End PBXResourcesBuildPhase section */

/* Begin PBXSourcesBuildPhase section */
		CD2925F82A40AC7400565D2A /* Sources */ = {
			isa = PBXSourcesBuildPhase;
			buildActionMask = 2147483647;
			files = (
				CD29263A2A40DE3C00565D2A /* FormField.swift in Sources */,
				CD2926322A40C2FF00565D2A /* ButtonStyles.swift in Sources */,
				CD6643CF2A49E5CC00288F19 /* HTTPClient.swift in Sources */,
				CD6643C82A49DDB400288F19 /* HTTPEndpoint.swift in Sources */,
				CD2926242A40B2DE00565D2A /* Typography.swift in Sources */,
				CD5C8ACD2A46091400EAFAB7 /* ValidatorOptions.swift in Sources */,
				CD6643E52A4A203F00288F19 /* HTTPRequestHeaders.swift in Sources */,
				CD0A209E2A443B4300B01456 /* MenuItemCell.swift in Sources */,
				CD0A20A82A4499B500B01456 /* ThemeConfigurationState.swift in Sources */,
				CD29262C2A40B6B800565D2A /* Colors.swift in Sources */,
				CD2926022A40AC7400565D2A /* ContentView.swift in Sources */,
				CD6643EB2A4A241200288F19 /* Customer.swift in Sources */,
				CD6643BD2A49DB2F00288F19 /* PostSignInPayload.swift in Sources */,
				CD5C8AD02A46136500EAFAB7 /* EmptyValidator.swift in Sources */,
				CD66439D2A49C23000288F19 /* KeyStore.swift in Sources */,
				CD6643CA2A49DE6200288F19 /* NovadineEndpoint.swift in Sources */,
				CD6643DB2A4A170700288F19 /* HTTPRequestQueryItems.swift in Sources */,
				CD6643912A49BB4400288F19 /* Repository.swift in Sources */,
				CD6643D92A4A16A600288F19 /* HTTPClientDecoder.swift in Sources */,
				CD6643C52A49DD7B00288F19 /* HTTPMethod.swift in Sources */,
				CD2926002A40AC7400565D2A /* lbx_clientApp.swift in Sources */,
				CD6643F42A4A2CE500288F19 /* GetCustomerMeTask.swift in Sources */,
				CD5C8ABC2A46074400EAFAB7 /* SignInViewModel.swift in Sources */,
				CD6643FC2A4B0FD100288F19 /* Customer+GetCustomerMeResponse.swift in Sources */,
				CD2926352A40D48900565D2A /* SplashView.swift in Sources */,
				CD6643A82A49C74C00288F19 /* AlertStyle.swift in Sources */,
				CD29261A2A40AEA400565D2A /* Theme.swift in Sources */,
				CD0A208A2A433FA600B01456 /* View+Extensions.swift in Sources */,
				CD66439B2A49BF0E00288F19 /* SessionStore.swift in Sources */,
				CD6643DD2A4A177200288F19 /* HTTPClient+Error.swift in Sources */,
				CD5C8AC12A4607E300EAFAB7 /* ModelProtocol.swift in Sources */,
				CD6643F12A4A281A00288F19 /* SessionTokenTask.swift in Sources */,
				CD6643982A49BC7600288F19 /* ThemeConfigurationStore.swift in Sources */,
				CD2926182A40ADA200565D2A /* Icons.swift in Sources */,
				CD6643FA2A4B070200288F19 /* GetCustomerMeResponse.swift in Sources */,
				CD6643BB2A49DA5900288F19 /* PostSignInRequest.swift in Sources */,
				CD29262F2A40BB9800565D2A /* ThemeConfiguration.swift in Sources */,
				CD6643F82A4B06DC00288F19 /* GetCustomerMePayload.swift in Sources */,
				CD5C8AC62A46084200EAFAB7 /* Validator.swift in Sources */,
				CD6643E32A4A1E4900288F19 /* URLRequest+Extensions.swift in Sources */,
				CD0A20972A44273800B01456 /* CardSummaryCellView.swift in Sources */,
				CD6643AC2A49CC3D00288F19 /* AlertStore.swift in Sources */,
				CD6643AE2A49CD1900288F19 /* DefaultKeyStore.swift in Sources */,
				CD6643D52A4A14A300288F19 /* URLScheme.swift in Sources */,
				CD5C8ABE2A46075100EAFAB7 /* SignInModel.swift in Sources */,
				CD6643A32A49C61700288F19 /* DisplayAlertMessageTaskModel.swift in Sources */,
				CD0A20A62A44997800B01456 /* AppState.swift in Sources */,
				CD29263F2A40EA6C00565D2A /* String+Extensions.swift in Sources */,
				CD0A209A2A4430AB00B01456 /* AddCardPageView.swift in Sources */,
				CD6643E82A4A226A00288F19 /* CustomerAuthTokenTask.swift in Sources */,
				CD0A20882A433D0200B01456 /* HomeHubContentView.swift in Sources */,
				CD6643B42A49D9C600288F19 /* SignInTaskModel.swift in Sources */,
				CD6643D72A4A161000288F19 /* HTTPClientEncoder.swift in Sources */,
				CD0A208D2A4358FA00B01456 /* AccountPageView.swift in Sources */,
				CD6643952A49BBDB00288F19 /* Task.swift in Sources */,
				CD0A20952A44272600B01456 /* ManageCardsPageView.swift in Sources */,
				CD29262A2A40B51F00565D2A /* Config.swift in Sources */,
				CD29261D2A40B0BF00565D2A /* AutoSizeText.swift in Sources */,
				CD6643D22A4A141300288F19 /* HTTPMessageContextual.swift in Sources */,
				CD66438C2A49BA6400288F19 /* Tasks.swift in Sources */,
				CD0A20922A43864300B01456 /* Footer.swift in Sources */,
				CD6643A62A49C74200288F19 /* AlertMessage.swift in Sources */,
				CD5C8ACB2A46090100EAFAB7 /* ValidationOption.swift in Sources */,
				CD0A20862A42424500B01456 /* ProfilePageView.swift in Sources */,
				CD6643B22A49D90B00288F19 /* SignInTask.swift in Sources */,
				CD6643DF2A4A1B5B00288F19 /* HTTPErrorValidationResponse.swift in Sources */,
				CD0A20792A41EEEA00B01456 /* CreateAccountView.swift in Sources */,
				CD6643CC2A49E50E00288F19 /* CustomerRespository.swift in Sources */,
				CD5C8AD22A461E4600EAFAB7 /* ViewModelProtocol.swift in Sources */,
				CD0A20902A4361EE00B01456 /* ForgotPasswordView.swift in Sources */,
				CD2926132A40AD0000565D2A /* WalkthroughNotificationView.swift in Sources */,
				CD0A20832A4231CB00B01456 /* HomeCarouselView.swift in Sources */,
				CD5C8AC92A4608EC00EAFAB7 /* ValidationType.swift in Sources */,
				CD6643ED2A4A254100288F19 /* PhoneService.swift in Sources */,
				CD2926382A40D79500565D2A /* SignInView.swift in Sources */,
				CD6643F62A4B064E00288F19 /* GetCustomerMeRequest.swift in Sources */,
				CD0A20752A41C88500B01456 /* SecureFormField.swift in Sources */,
				CD0A207B2A4229E600B01456 /* TermsOfServiceView.swift in Sources */,
				CD66438F2A49BA9F00288F19 /* Repositories.swift in Sources */,
				CD5C8AC42A46082500EAFAB7 /* ValidationForm.swift in Sources */,
				CD6643892A49B8F400288F19 /* DependencyContainer.swift in Sources */,
				CD6643EF2A4A276B00288F19 /* Int+Extensions.swift in Sources */,
				CD6643A12A49C59800288F19 /* DisplayAlertMessageTask.swift in Sources */,
				CD6643AA2A49C92A00288F19 /* AlertRepository.swift in Sources */,
				CD6643C32A49DCA300288F19 /* HTTPRequest.swift in Sources */,
				CD6643BF2A49DB3800288F19 /* PostSignInResponse.swift in Sources */,
				CD0A20802A42319F00B01456 /* HomeView.swift in Sources */,
				CD6643E12A4A1BE200288F19 /* HTTPErrorMessageResponse.swift in Sources */,
			);
			runOnlyForDeploymentPostprocessing = 0;
		};
/* End PBXSourcesBuildPhase section */

/* Begin XCBuildConfiguration section */
		CD2926082A40AC7500565D2A /* Debug */ = {
			isa = XCBuildConfiguration;
			buildSettings = {
				ALWAYS_SEARCH_USER_PATHS = NO;
				CLANG_ANALYZER_NONNULL = YES;
				CLANG_ANALYZER_NUMBER_OBJECT_CONVERSION = YES_AGGRESSIVE;
				CLANG_CXX_LANGUAGE_STANDARD = "gnu++20";
				CLANG_ENABLE_MODULES = YES;
				CLANG_ENABLE_OBJC_ARC = YES;
				CLANG_ENABLE_OBJC_WEAK = YES;
				CLANG_WARN_BLOCK_CAPTURE_AUTORELEASING = YES;
				CLANG_WARN_BOOL_CONVERSION = YES;
				CLANG_WARN_COMMA = YES;
				CLANG_WARN_CONSTANT_CONVERSION = YES;
				CLANG_WARN_DEPRECATED_OBJC_IMPLEMENTATIONS = YES;
				CLANG_WARN_DIRECT_OBJC_ISA_USAGE = YES_ERROR;
				CLANG_WARN_DOCUMENTATION_COMMENTS = YES;
				CLANG_WARN_EMPTY_BODY = YES;
				CLANG_WARN_ENUM_CONVERSION = YES;
				CLANG_WARN_INFINITE_RECURSION = YES;
				CLANG_WARN_INT_CONVERSION = YES;
				CLANG_WARN_NON_LITERAL_NULL_CONVERSION = YES;
				CLANG_WARN_OBJC_IMPLICIT_RETAIN_SELF = YES;
				CLANG_WARN_OBJC_LITERAL_CONVERSION = YES;
				CLANG_WARN_OBJC_ROOT_CLASS = YES_ERROR;
				CLANG_WARN_QUOTED_INCLUDE_IN_FRAMEWORK_HEADER = YES;
				CLANG_WARN_RANGE_LOOP_ANALYSIS = YES;
				CLANG_WARN_STRICT_PROTOTYPES = YES;
				CLANG_WARN_SUSPICIOUS_MOVE = YES;
				CLANG_WARN_UNGUARDED_AVAILABILITY = YES_AGGRESSIVE;
				CLANG_WARN_UNREACHABLE_CODE = YES;
				CLANG_WARN__DUPLICATE_METHOD_MATCH = YES;
				COPY_PHASE_STRIP = NO;
				DEBUG_INFORMATION_FORMAT = dwarf;
				ENABLE_STRICT_OBJC_MSGSEND = YES;
				ENABLE_TESTABILITY = YES;
				GCC_C_LANGUAGE_STANDARD = gnu11;
				GCC_DYNAMIC_NO_PIC = NO;
				GCC_NO_COMMON_BLOCKS = YES;
				GCC_OPTIMIZATION_LEVEL = 0;
				GCC_PREPROCESSOR_DEFINITIONS = (
					"DEBUG=1",
					"$(inherited)",
				);
				GCC_WARN_64_TO_32_BIT_CONVERSION = YES;
				GCC_WARN_ABOUT_RETURN_TYPE = YES_ERROR;
				GCC_WARN_UNDECLARED_SELECTOR = YES;
				GCC_WARN_UNINITIALIZED_AUTOS = YES_AGGRESSIVE;
				GCC_WARN_UNUSED_FUNCTION = YES;
				GCC_WARN_UNUSED_VARIABLE = YES;
				IPHONEOS_DEPLOYMENT_TARGET = 16.2;
				MTL_ENABLE_DEBUG_INFO = INCLUDE_SOURCE;
				MTL_FAST_MATH = YES;
				ONLY_ACTIVE_ARCH = YES;
				SDKROOT = iphoneos;
				SWIFT_ACTIVE_COMPILATION_CONDITIONS = DEBUG;
				SWIFT_OPTIMIZATION_LEVEL = "-Onone";
			};
			name = Debug;
		};
		CD2926092A40AC7500565D2A /* Release */ = {
			isa = XCBuildConfiguration;
			buildSettings = {
				ALWAYS_SEARCH_USER_PATHS = NO;
				CLANG_ANALYZER_NONNULL = YES;
				CLANG_ANALYZER_NUMBER_OBJECT_CONVERSION = YES_AGGRESSIVE;
				CLANG_CXX_LANGUAGE_STANDARD = "gnu++20";
				CLANG_ENABLE_MODULES = YES;
				CLANG_ENABLE_OBJC_ARC = YES;
				CLANG_ENABLE_OBJC_WEAK = YES;
				CLANG_WARN_BLOCK_CAPTURE_AUTORELEASING = YES;
				CLANG_WARN_BOOL_CONVERSION = YES;
				CLANG_WARN_COMMA = YES;
				CLANG_WARN_CONSTANT_CONVERSION = YES;
				CLANG_WARN_DEPRECATED_OBJC_IMPLEMENTATIONS = YES;
				CLANG_WARN_DIRECT_OBJC_ISA_USAGE = YES_ERROR;
				CLANG_WARN_DOCUMENTATION_COMMENTS = YES;
				CLANG_WARN_EMPTY_BODY = YES;
				CLANG_WARN_ENUM_CONVERSION = YES;
				CLANG_WARN_INFINITE_RECURSION = YES;
				CLANG_WARN_INT_CONVERSION = YES;
				CLANG_WARN_NON_LITERAL_NULL_CONVERSION = YES;
				CLANG_WARN_OBJC_IMPLICIT_RETAIN_SELF = YES;
				CLANG_WARN_OBJC_LITERAL_CONVERSION = YES;
				CLANG_WARN_OBJC_ROOT_CLASS = YES_ERROR;
				CLANG_WARN_QUOTED_INCLUDE_IN_FRAMEWORK_HEADER = YES;
				CLANG_WARN_RANGE_LOOP_ANALYSIS = YES;
				CLANG_WARN_STRICT_PROTOTYPES = YES;
				CLANG_WARN_SUSPICIOUS_MOVE = YES;
				CLANG_WARN_UNGUARDED_AVAILABILITY = YES_AGGRESSIVE;
				CLANG_WARN_UNREACHABLE_CODE = YES;
				CLANG_WARN__DUPLICATE_METHOD_MATCH = YES;
				COPY_PHASE_STRIP = NO;
				DEBUG_INFORMATION_FORMAT = "dwarf-with-dsym";
				ENABLE_NS_ASSERTIONS = NO;
				ENABLE_STRICT_OBJC_MSGSEND = YES;
				GCC_C_LANGUAGE_STANDARD = gnu11;
				GCC_NO_COMMON_BLOCKS = YES;
				GCC_WARN_64_TO_32_BIT_CONVERSION = YES;
				GCC_WARN_ABOUT_RETURN_TYPE = YES_ERROR;
				GCC_WARN_UNDECLARED_SELECTOR = YES;
				GCC_WARN_UNINITIALIZED_AUTOS = YES_AGGRESSIVE;
				GCC_WARN_UNUSED_FUNCTION = YES;
				GCC_WARN_UNUSED_VARIABLE = YES;
				IPHONEOS_DEPLOYMENT_TARGET = 16.2;
				MTL_ENABLE_DEBUG_INFO = NO;
				MTL_FAST_MATH = YES;
				SDKROOT = iphoneos;
				SWIFT_COMPILATION_MODE = wholemodule;
				SWIFT_OPTIMIZATION_LEVEL = "-O";
				VALIDATE_PRODUCT = YES;
			};
			name = Release;
		};
		CD29260B2A40AC7500565D2A /* Debug */ = {
			isa = XCBuildConfiguration;
			buildSettings = {
				ASSETCATALOG_COMPILER_APPICON_NAME = AppIcon;
				ASSETCATALOG_COMPILER_GLOBAL_ACCENT_COLOR_NAME = AccentColor;
				CODE_SIGN_STYLE = Automatic;
				CURRENT_PROJECT_VERSION = 1;
				DEVELOPMENT_ASSET_PATHS = "\"lbx-client/Preview Content\"";
				DEVELOPMENT_TEAM = AST77APB2R;
				ENABLE_PREVIEWS = YES;
				GENERATE_INFOPLIST_FILE = YES;
				INFOPLIST_FILE = "lbx-client/Config/Info.plist";
				INFOPLIST_KEY_UIApplicationSceneManifest_Generation = YES;
				INFOPLIST_KEY_UIApplicationSupportsIndirectInputEvents = YES;
				INFOPLIST_KEY_UILaunchScreen_Generation = YES;
				INFOPLIST_KEY_UISupportedInterfaceOrientations_iPad = "UIInterfaceOrientationPortrait UIInterfaceOrientationPortraitUpsideDown UIInterfaceOrientationLandscapeLeft UIInterfaceOrientationLandscapeRight";
				INFOPLIST_KEY_UISupportedInterfaceOrientations_iPhone = "UIInterfaceOrientationPortrait UIInterfaceOrientationLandscapeLeft UIInterfaceOrientationLandscapeRight";
				LD_RUNPATH_SEARCH_PATHS = (
					"$(inherited)",
					"@executable_path/Frameworks",
				);
				MARKETING_VERSION = 1.0;
				PRODUCT_BUNDLE_IDENTIFIER = "mbayi.lbx-client";
				PRODUCT_NAME = "$(TARGET_NAME)";
				SWIFT_EMIT_LOC_STRINGS = YES;
				SWIFT_VERSION = 5.0;
				TARGETED_DEVICE_FAMILY = "1,2";
			};
			name = Debug;
		};
		CD29260C2A40AC7500565D2A /* Release */ = {
			isa = XCBuildConfiguration;
			buildSettings = {
				ASSETCATALOG_COMPILER_APPICON_NAME = AppIcon;
				ASSETCATALOG_COMPILER_GLOBAL_ACCENT_COLOR_NAME = AccentColor;
				CODE_SIGN_STYLE = Automatic;
				CURRENT_PROJECT_VERSION = 1;
				DEVELOPMENT_ASSET_PATHS = "\"lbx-client/Preview Content\"";
				DEVELOPMENT_TEAM = AST77APB2R;
				ENABLE_PREVIEWS = YES;
				GENERATE_INFOPLIST_FILE = YES;
				INFOPLIST_FILE = "lbx-client/Config/Info.plist";
				INFOPLIST_KEY_UIApplicationSceneManifest_Generation = YES;
				INFOPLIST_KEY_UIApplicationSupportsIndirectInputEvents = YES;
				INFOPLIST_KEY_UILaunchScreen_Generation = YES;
				INFOPLIST_KEY_UISupportedInterfaceOrientations_iPad = "UIInterfaceOrientationPortrait UIInterfaceOrientationPortraitUpsideDown UIInterfaceOrientationLandscapeLeft UIInterfaceOrientationLandscapeRight";
				INFOPLIST_KEY_UISupportedInterfaceOrientations_iPhone = "UIInterfaceOrientationPortrait UIInterfaceOrientationLandscapeLeft UIInterfaceOrientationLandscapeRight";
				LD_RUNPATH_SEARCH_PATHS = (
					"$(inherited)",
					"@executable_path/Frameworks",
				);
				MARKETING_VERSION = 1.0;
				PRODUCT_BUNDLE_IDENTIFIER = "mbayi.lbx-client";
				PRODUCT_NAME = "$(TARGET_NAME)";
				SWIFT_EMIT_LOC_STRINGS = YES;
				SWIFT_VERSION = 5.0;
				TARGETED_DEVICE_FAMILY = "1,2";
			};
			name = Release;
		};
/* End XCBuildConfiguration section */

/* Begin XCConfigurationList section */
		CD2925F72A40AC7400565D2A /* Build configuration list for PBXProject "lbx-client" */ = {
			isa = XCConfigurationList;
			buildConfigurations = (
				CD2926082A40AC7500565D2A /* Debug */,
				CD2926092A40AC7500565D2A /* Release */,
			);
			defaultConfigurationIsVisible = 0;
			defaultConfigurationName = Release;
		};
		CD29260A2A40AC7500565D2A /* Build configuration list for PBXNativeTarget "lbx-client" */ = {
			isa = XCConfigurationList;
			buildConfigurations = (
				CD29260B2A40AC7500565D2A /* Debug */,
				CD29260C2A40AC7500565D2A /* Release */,
			);
			defaultConfigurationIsVisible = 0;
			defaultConfigurationName = Release;
		};
/* End XCConfigurationList section */
	};
	rootObject = CD2925F42A40AC7400565D2A /* Project object */;
}
